
Microsoft Visual Studio Solution File, Format Version 12.00
# Visual Studio 15
VisualStudioVersion = 15.0.28307.271
MinimumVisualStudioVersion = 15.0.26124.0
Project("{2150E333-8FDC-42A3-9474-1A3956D46DE8}") = "src", "src", "{471CA3C0-0BC9-4C0C-A013-D9356DBD0F38}"
EndProject
Project("{9A19103F-16F7-4668-BE54-9A1E7A4F7556}") = "McMaster.NETCore.Plugins", "src\Plugins\McMaster.NETCore.Plugins.csproj", "{2D251CFD-A9DA-421F-B516-B25873348C08}"
EndProject
Project("{2150E333-8FDC-42A3-9474-1A3956D46DE8}") = "test", "test", "{69958BAA-5D54-4F3F-82D6-F622F9491057}"
EndProject
Project("{9A19103F-16F7-4668-BE54-9A1E7A4F7556}") = "McMaster.NETCore.Plugins.Tests", "test\Plugins.Tests\McMaster.NETCore.Plugins.Tests.csproj", "{00D7FBF0-801B-4B0E-9FDD-5C367E71444B}"
EndProject
Project("{2150E333-8FDC-42A3-9474-1A3956D46DE8}") = "TestProjects", "TestProjects", "{98E964A2-55DA-4740-9F2E-B64FDF6715DB}"
	ProjectSection(SolutionItems) = preProject
		test\TestProjects\Directory.Build.props = test\TestProjects\Directory.Build.props
		test\TestProjects\Directory.Build.targets = test\TestProjects\Directory.Build.targets
	EndProjectSection
EndProject
Project("{9A19103F-16F7-4668-BE54-9A1E7A4F7556}") = "JsonNet10", "test\TestProjects\JsonNet10\JsonNet10.csproj", "{FFBDDBE3-3E51-4CE6-BDF6-04AB66FFF658}"
EndProject
Project("{9A19103F-16F7-4668-BE54-9A1E7A4F7556}") = "JsonNet11", "test\TestProjects\JsonNet11\JsonNet11.csproj", "{F2937B44-20B4-4E74-B5F5-99AF465424F3}"
EndProject
Project("{9A19103F-16F7-4668-BE54-9A1E7A4F7556}") = "JsonNet9", "test\TestProjects\JsonNet9\JsonNet9.csproj", "{D71D858B-35AF-452F-926F-873DDD990B27}"
EndProject
Project("{9A19103F-16F7-4668-BE54-9A1E7A4F7556}") = "NetCoreApp20App", "test\TestProjects\NetCoreApp20App\NetCoreApp20App.csproj", "{B9C61145-C010-4FAA-B9EA-4D1AEE20305F}"
EndProject
Project("{9A19103F-16F7-4668-BE54-9A1E7A4F7556}") = "NetStandardClassLib", "test\TestProjects\NetStandardClassLib\NetStandardClassLib.csproj", "{4FDB7710-F4CA-45FB-9514-A4D288EDA44A}"
EndProject
Project("{9A19103F-16F7-4668-BE54-9A1E7A4F7556}") = "ReferencedLibv1", "test\TestProjects\ReferencedLibv1\ReferencedLibv1.csproj", "{CC37B369-BA9E-4B82-A14D-68B58924885D}"
EndProject
Project("{9A19103F-16F7-4668-BE54-9A1E7A4F7556}") = "ReferencedLibv2", "test\TestProjects\ReferencedLibv2\ReferencedLibv2.csproj", "{50F86C8F-E052-448C-84CE-08763945FCC7}"
EndProject
Project("{9A19103F-16F7-4668-BE54-9A1E7A4F7556}") = "XunitSample", "test\TestProjects\XunitSample\XunitSample.csproj", "{3CEF9F32-5887-4977-AB8A-1BBC48875A21}"
EndProject
Project("{9A19103F-16F7-4668-BE54-9A1E7A4F7556}") = "McMaster.NETCore.Plugins.Sdk", "src\Plugins.Sdk\McMaster.NETCore.Plugins.Sdk.csproj", "{652D3662-DEB4-4FF6-8904-E581A84C040D}"
EndProject
Project("{9A19103F-16F7-4668-BE54-9A1E7A4F7556}") = "Banana", "test\TestProjects\Banana\Banana.csproj", "{8797AFCA-1EE8-4270-8FC4-F93A85F9C825}"
EndProject
Project("{9A19103F-16F7-4668-BE54-9A1E7A4F7556}") = "Strawberry", "test\TestProjects\Strawberry\Strawberry.csproj", "{78D2B20D-B173-4CF2-A763-F2AA5347947E}"
EndProject
Project("{9A19103F-16F7-4668-BE54-9A1E7A4F7556}") = "PowerShellPlugin", "test\TestProjects\PowerShellPlugin\PowerShellPlugin.csproj", "{C0BA460C-C1AC-4C54-9C88-60E4B8681E94}"
EndProject
Project("{2150E333-8FDC-42A3-9474-1A3956D46DE8}") = "Solution Items", "Solution Items", "{9E47E94A-3F50-4B3B-8937-1FCF832ABEB6}"
	ProjectSection(SolutionItems) = preProject
		.appveyor.yml = .appveyor.yml
		.editorconfig = .editorconfig
		.gitignore = .gitignore
		build.ps1 = build.ps1
		src\CodeSign.targets = src\CodeSign.targets
		src\common.psm1 = src\common.psm1
		Directory.Build.props = Directory.Build.props
		Directory.Build.targets = Directory.Build.targets
		src\Directory.Build.targets = src\Directory.Build.targets
		LICENSE.txt = LICENSE.txt
		README.md = README.md
		releasenotes.props = releasenotes.props
		version.props = version.props
	EndProjectSection
EndProject
Project("{9A19103F-16F7-4668-BE54-9A1E7A4F7556}") = "Plátano", "test\TestProjects\Plátano\Plátano.csproj", "{5889B0C9-50E5-4FDC-933B-8684B9FAB8E4}"
EndProject
Project("{9A19103F-16F7-4668-BE54-9A1E7A4F7556}") = "DrawingApp", "test\TestProjects\DrawingApp\DrawingApp.csproj", "{8BE0F92F-F353-4D63-9C6F-50D4A0BB7FAB}"
EndProject
Project("{9A19103F-16F7-4668-BE54-9A1E7A4F7556}") = "SqlClientApp", "test\TestProjects\SqlClientApp\SqlClientApp.csproj", "{0CDA2765-C9DF-45EE-A099-0E2D4A980E59}"
EndProject
Project("{9A19103F-16F7-4668-BE54-9A1E7A4F7556}") = "MvcApp", "samples\aspnetcore-mvc\MvcApp\MvcApp.csproj", "{F934B760-4847-4BA8-9F6A-7F750ECF2328}"
EndProject
Project("{9A19103F-16F7-4668-BE54-9A1E7A4F7556}") = "MvcAppPlugin1", "samples\aspnetcore-mvc\MvcAppPlugin1\MvcAppPlugin1.csproj", "{2DC38785-B7B6-49E9-84D4-103A56D3604A}"
EndProject
Project("{2150E333-8FDC-42A3-9474-1A3956D46DE8}") = "samples", "samples", "{F49FFE3B-E1AE-483E-951F-D498F6ABA08E}"
EndProject
Project("{2150E333-8FDC-42A3-9474-1A3956D46DE8}") = "aspnetcoremvc", "aspnetcoremvc", "{610E8065-1F29-41E8-A3FC-07ABDF16C8BB}"
EndProject
Global
	GlobalSection(SolutionConfigurationPlatforms) = preSolution
		Debug|Any CPU = Debug|Any CPU
		Debug|x64 = Debug|x64
		Debug|x86 = Debug|x86
		Release|Any CPU = Release|Any CPU
		Release|x64 = Release|x64
		Release|x86 = Release|x86
	EndGlobalSection
	GlobalSection(ProjectConfigurationPlatforms) = postSolution
		{2D251CFD-A9DA-421F-B516-B25873348C08}.Debug|Any CPU.ActiveCfg = Debug|Any CPU
		{2D251CFD-A9DA-421F-B516-B25873348C08}.Debug|Any CPU.Build.0 = Debug|Any CPU
		{2D251CFD-A9DA-421F-B516-B25873348C08}.Debug|x64.ActiveCfg = Debug|Any CPU
		{2D251CFD-A9DA-421F-B516-B25873348C08}.Debug|x64.Build.0 = Debug|Any CPU
		{2D251CFD-A9DA-421F-B516-B25873348C08}.Debug|x86.ActiveCfg = Debug|Any CPU
		{2D251CFD-A9DA-421F-B516-B25873348C08}.Debug|x86.Build.0 = Debug|Any CPU
		{2D251CFD-A9DA-421F-B516-B25873348C08}.Release|Any CPU.ActiveCfg = Release|Any CPU
		{2D251CFD-A9DA-421F-B516-B25873348C08}.Release|Any CPU.Build.0 = Release|Any CPU
		{2D251CFD-A9DA-421F-B516-B25873348C08}.Release|x64.ActiveCfg = Release|Any CPU
		{2D251CFD-A9DA-421F-B516-B25873348C08}.Release|x64.Build.0 = Release|Any CPU
		{2D251CFD-A9DA-421F-B516-B25873348C08}.Release|x86.ActiveCfg = Release|Any CPU
		{2D251CFD-A9DA-421F-B516-B25873348C08}.Release|x86.Build.0 = Release|Any CPU
		{00D7FBF0-801B-4B0E-9FDD-5C367E71444B}.Debug|Any CPU.ActiveCfg = Debug|Any CPU
		{00D7FBF0-801B-4B0E-9FDD-5C367E71444B}.Debug|Any CPU.Build.0 = Debug|Any CPU
		{00D7FBF0-801B-4B0E-9FDD-5C367E71444B}.Debug|x64.ActiveCfg = Debug|Any CPU
		{00D7FBF0-801B-4B0E-9FDD-5C367E71444B}.Debug|x64.Build.0 = Debug|Any CPU
		{00D7FBF0-801B-4B0E-9FDD-5C367E71444B}.Debug|x86.ActiveCfg = Debug|Any CPU
		{00D7FBF0-801B-4B0E-9FDD-5C367E71444B}.Debug|x86.Build.0 = Debug|Any CPU
		{00D7FBF0-801B-4B0E-9FDD-5C367E71444B}.Release|Any CPU.ActiveCfg = Release|Any CPU
		{00D7FBF0-801B-4B0E-9FDD-5C367E71444B}.Release|Any CPU.Build.0 = Release|Any CPU
		{00D7FBF0-801B-4B0E-9FDD-5C367E71444B}.Release|x64.ActiveCfg = Release|Any CPU
		{00D7FBF0-801B-4B0E-9FDD-5C367E71444B}.Release|x64.Build.0 = Release|Any CPU
		{00D7FBF0-801B-4B0E-9FDD-5C367E71444B}.Release|x86.ActiveCfg = Release|Any CPU
		{00D7FBF0-801B-4B0E-9FDD-5C367E71444B}.Release|x86.Build.0 = Release|Any CPU
		{FFBDDBE3-3E51-4CE6-BDF6-04AB66FFF658}.Debug|Any CPU.ActiveCfg = Debug|Any CPU
		{FFBDDBE3-3E51-4CE6-BDF6-04AB66FFF658}.Debug|Any CPU.Build.0 = Debug|Any CPU
		{FFBDDBE3-3E51-4CE6-BDF6-04AB66FFF658}.Debug|x64.ActiveCfg = Debug|Any CPU
		{FFBDDBE3-3E51-4CE6-BDF6-04AB66FFF658}.Debug|x64.Build.0 = Debug|Any CPU
		{FFBDDBE3-3E51-4CE6-BDF6-04AB66FFF658}.Debug|x86.ActiveCfg = Debug|Any CPU
		{FFBDDBE3-3E51-4CE6-BDF6-04AB66FFF658}.Debug|x86.Build.0 = Debug|Any CPU
		{FFBDDBE3-3E51-4CE6-BDF6-04AB66FFF658}.Release|Any CPU.ActiveCfg = Release|Any CPU
		{FFBDDBE3-3E51-4CE6-BDF6-04AB66FFF658}.Release|Any CPU.Build.0 = Release|Any CPU
		{FFBDDBE3-3E51-4CE6-BDF6-04AB66FFF658}.Release|x64.ActiveCfg = Release|Any CPU
		{FFBDDBE3-3E51-4CE6-BDF6-04AB66FFF658}.Release|x64.Build.0 = Release|Any CPU
		{FFBDDBE3-3E51-4CE6-BDF6-04AB66FFF658}.Release|x86.ActiveCfg = Release|Any CPU
		{FFBDDBE3-3E51-4CE6-BDF6-04AB66FFF658}.Release|x86.Build.0 = Release|Any CPU
		{F2937B44-20B4-4E74-B5F5-99AF465424F3}.Debug|Any CPU.ActiveCfg = Debug|Any CPU
		{F2937B44-20B4-4E74-B5F5-99AF465424F3}.Debug|Any CPU.Build.0 = Debug|Any CPU
		{F2937B44-20B4-4E74-B5F5-99AF465424F3}.Debug|x64.ActiveCfg = Debug|Any CPU
		{F2937B44-20B4-4E74-B5F5-99AF465424F3}.Debug|x64.Build.0 = Debug|Any CPU
		{F2937B44-20B4-4E74-B5F5-99AF465424F3}.Debug|x86.ActiveCfg = Debug|Any CPU
		{F2937B44-20B4-4E74-B5F5-99AF465424F3}.Debug|x86.Build.0 = Debug|Any CPU
		{F2937B44-20B4-4E74-B5F5-99AF465424F3}.Release|Any CPU.ActiveCfg = Release|Any CPU
		{F2937B44-20B4-4E74-B5F5-99AF465424F3}.Release|Any CPU.Build.0 = Release|Any CPU
		{F2937B44-20B4-4E74-B5F5-99AF465424F3}.Release|x64.ActiveCfg = Release|Any CPU
		{F2937B44-20B4-4E74-B5F5-99AF465424F3}.Release|x64.Build.0 = Release|Any CPU
		{F2937B44-20B4-4E74-B5F5-99AF465424F3}.Release|x86.ActiveCfg = Release|Any CPU
		{F2937B44-20B4-4E74-B5F5-99AF465424F3}.Release|x86.Build.0 = Release|Any CPU
		{D71D858B-35AF-452F-926F-873DDD990B27}.Debug|Any CPU.ActiveCfg = Debug|Any CPU
		{D71D858B-35AF-452F-926F-873DDD990B27}.Debug|Any CPU.Build.0 = Debug|Any CPU
		{D71D858B-35AF-452F-926F-873DDD990B27}.Debug|x64.ActiveCfg = Debug|Any CPU
		{D71D858B-35AF-452F-926F-873DDD990B27}.Debug|x64.Build.0 = Debug|Any CPU
		{D71D858B-35AF-452F-926F-873DDD990B27}.Debug|x86.ActiveCfg = Debug|Any CPU
		{D71D858B-35AF-452F-926F-873DDD990B27}.Debug|x86.Build.0 = Debug|Any CPU
		{D71D858B-35AF-452F-926F-873DDD990B27}.Release|Any CPU.ActiveCfg = Release|Any CPU
		{D71D858B-35AF-452F-926F-873DDD990B27}.Release|Any CPU.Build.0 = Release|Any CPU
		{D71D858B-35AF-452F-926F-873DDD990B27}.Release|x64.ActiveCfg = Release|Any CPU
		{D71D858B-35AF-452F-926F-873DDD990B27}.Release|x64.Build.0 = Release|Any CPU
		{D71D858B-35AF-452F-926F-873DDD990B27}.Release|x86.ActiveCfg = Release|Any CPU
		{D71D858B-35AF-452F-926F-873DDD990B27}.Release|x86.Build.0 = Release|Any CPU
		{B9C61145-C010-4FAA-B9EA-4D1AEE20305F}.Debug|Any CPU.ActiveCfg = Debug|Any CPU
		{B9C61145-C010-4FAA-B9EA-4D1AEE20305F}.Debug|Any CPU.Build.0 = Debug|Any CPU
		{B9C61145-C010-4FAA-B9EA-4D1AEE20305F}.Debug|x64.ActiveCfg = Debug|Any CPU
		{B9C61145-C010-4FAA-B9EA-4D1AEE20305F}.Debug|x64.Build.0 = Debug|Any CPU
		{B9C61145-C010-4FAA-B9EA-4D1AEE20305F}.Debug|x86.ActiveCfg = Debug|Any CPU
		{B9C61145-C010-4FAA-B9EA-4D1AEE20305F}.Debug|x86.Build.0 = Debug|Any CPU
		{B9C61145-C010-4FAA-B9EA-4D1AEE20305F}.Release|Any CPU.ActiveCfg = Release|Any CPU
		{B9C61145-C010-4FAA-B9EA-4D1AEE20305F}.Release|Any CPU.Build.0 = Release|Any CPU
		{B9C61145-C010-4FAA-B9EA-4D1AEE20305F}.Release|x64.ActiveCfg = Release|Any CPU
		{B9C61145-C010-4FAA-B9EA-4D1AEE20305F}.Release|x64.Build.0 = Release|Any CPU
		{B9C61145-C010-4FAA-B9EA-4D1AEE20305F}.Release|x86.ActiveCfg = Release|Any CPU
		{B9C61145-C010-4FAA-B9EA-4D1AEE20305F}.Release|x86.Build.0 = Release|Any CPU
		{4FDB7710-F4CA-45FB-9514-A4D288EDA44A}.Debug|Any CPU.ActiveCfg = Debug|Any CPU
		{4FDB7710-F4CA-45FB-9514-A4D288EDA44A}.Debug|Any CPU.Build.0 = Debug|Any CPU
		{4FDB7710-F4CA-45FB-9514-A4D288EDA44A}.Debug|x64.ActiveCfg = Debug|Any CPU
		{4FDB7710-F4CA-45FB-9514-A4D288EDA44A}.Debug|x64.Build.0 = Debug|Any CPU
		{4FDB7710-F4CA-45FB-9514-A4D288EDA44A}.Debug|x86.ActiveCfg = Debug|Any CPU
		{4FDB7710-F4CA-45FB-9514-A4D288EDA44A}.Debug|x86.Build.0 = Debug|Any CPU
		{4FDB7710-F4CA-45FB-9514-A4D288EDA44A}.Release|Any CPU.ActiveCfg = Release|Any CPU
		{4FDB7710-F4CA-45FB-9514-A4D288EDA44A}.Release|Any CPU.Build.0 = Release|Any CPU
		{4FDB7710-F4CA-45FB-9514-A4D288EDA44A}.Release|x64.ActiveCfg = Release|Any CPU
		{4FDB7710-F4CA-45FB-9514-A4D288EDA44A}.Release|x64.Build.0 = Release|Any CPU
		{4FDB7710-F4CA-45FB-9514-A4D288EDA44A}.Release|x86.ActiveCfg = Release|Any CPU
		{4FDB7710-F4CA-45FB-9514-A4D288EDA44A}.Release|x86.Build.0 = Release|Any CPU
		{CC37B369-BA9E-4B82-A14D-68B58924885D}.Debug|Any CPU.ActiveCfg = Debug|Any CPU
		{CC37B369-BA9E-4B82-A14D-68B58924885D}.Debug|Any CPU.Build.0 = Debug|Any CPU
		{CC37B369-BA9E-4B82-A14D-68B58924885D}.Debug|x64.ActiveCfg = Debug|Any CPU
		{CC37B369-BA9E-4B82-A14D-68B58924885D}.Debug|x64.Build.0 = Debug|Any CPU
		{CC37B369-BA9E-4B82-A14D-68B58924885D}.Debug|x86.ActiveCfg = Debug|Any CPU
		{CC37B369-BA9E-4B82-A14D-68B58924885D}.Debug|x86.Build.0 = Debug|Any CPU
		{CC37B369-BA9E-4B82-A14D-68B58924885D}.Release|Any CPU.ActiveCfg = Release|Any CPU
		{CC37B369-BA9E-4B82-A14D-68B58924885D}.Release|Any CPU.Build.0 = Release|Any CPU
		{CC37B369-BA9E-4B82-A14D-68B58924885D}.Release|x64.ActiveCfg = Release|Any CPU
		{CC37B369-BA9E-4B82-A14D-68B58924885D}.Release|x64.Build.0 = Release|Any CPU
		{CC37B369-BA9E-4B82-A14D-68B58924885D}.Release|x86.ActiveCfg = Release|Any CPU
		{CC37B369-BA9E-4B82-A14D-68B58924885D}.Release|x86.Build.0 = Release|Any CPU
		{50F86C8F-E052-448C-84CE-08763945FCC7}.Debug|Any CPU.ActiveCfg = Debug|Any CPU
		{50F86C8F-E052-448C-84CE-08763945FCC7}.Debug|Any CPU.Build.0 = Debug|Any CPU
		{50F86C8F-E052-448C-84CE-08763945FCC7}.Debug|x64.ActiveCfg = Debug|Any CPU
		{50F86C8F-E052-448C-84CE-08763945FCC7}.Debug|x64.Build.0 = Debug|Any CPU
		{50F86C8F-E052-448C-84CE-08763945FCC7}.Debug|x86.ActiveCfg = Debug|Any CPU
		{50F86C8F-E052-448C-84CE-08763945FCC7}.Debug|x86.Build.0 = Debug|Any CPU
		{50F86C8F-E052-448C-84CE-08763945FCC7}.Release|Any CPU.ActiveCfg = Release|Any CPU
		{50F86C8F-E052-448C-84CE-08763945FCC7}.Release|Any CPU.Build.0 = Release|Any CPU
		{50F86C8F-E052-448C-84CE-08763945FCC7}.Release|x64.ActiveCfg = Release|Any CPU
		{50F86C8F-E052-448C-84CE-08763945FCC7}.Release|x64.Build.0 = Release|Any CPU
		{50F86C8F-E052-448C-84CE-08763945FCC7}.Release|x86.ActiveCfg = Release|Any CPU
		{50F86C8F-E052-448C-84CE-08763945FCC7}.Release|x86.Build.0 = Release|Any CPU
		{3CEF9F32-5887-4977-AB8A-1BBC48875A21}.Debug|Any CPU.ActiveCfg = Debug|Any CPU
		{3CEF9F32-5887-4977-AB8A-1BBC48875A21}.Debug|Any CPU.Build.0 = Debug|Any CPU
		{3CEF9F32-5887-4977-AB8A-1BBC48875A21}.Debug|x64.ActiveCfg = Debug|Any CPU
		{3CEF9F32-5887-4977-AB8A-1BBC48875A21}.Debug|x64.Build.0 = Debug|Any CPU
		{3CEF9F32-5887-4977-AB8A-1BBC48875A21}.Debug|x86.ActiveCfg = Debug|Any CPU
		{3CEF9F32-5887-4977-AB8A-1BBC48875A21}.Debug|x86.Build.0 = Debug|Any CPU
		{3CEF9F32-5887-4977-AB8A-1BBC48875A21}.Release|Any CPU.ActiveCfg = Release|Any CPU
		{3CEF9F32-5887-4977-AB8A-1BBC48875A21}.Release|Any CPU.Build.0 = Release|Any CPU
		{3CEF9F32-5887-4977-AB8A-1BBC48875A21}.Release|x64.ActiveCfg = Release|Any CPU
		{3CEF9F32-5887-4977-AB8A-1BBC48875A21}.Release|x64.Build.0 = Release|Any CPU
		{3CEF9F32-5887-4977-AB8A-1BBC48875A21}.Release|x86.ActiveCfg = Release|Any CPU
		{3CEF9F32-5887-4977-AB8A-1BBC48875A21}.Release|x86.Build.0 = Release|Any CPU
		{652D3662-DEB4-4FF6-8904-E581A84C040D}.Debug|Any CPU.ActiveCfg = Debug|Any CPU
		{652D3662-DEB4-4FF6-8904-E581A84C040D}.Debug|Any CPU.Build.0 = Debug|Any CPU
		{652D3662-DEB4-4FF6-8904-E581A84C040D}.Debug|x64.ActiveCfg = Debug|Any CPU
		{652D3662-DEB4-4FF6-8904-E581A84C040D}.Debug|x64.Build.0 = Debug|Any CPU
		{652D3662-DEB4-4FF6-8904-E581A84C040D}.Debug|x86.ActiveCfg = Debug|Any CPU
		{652D3662-DEB4-4FF6-8904-E581A84C040D}.Debug|x86.Build.0 = Debug|Any CPU
		{652D3662-DEB4-4FF6-8904-E581A84C040D}.Release|Any CPU.ActiveCfg = Release|Any CPU
		{652D3662-DEB4-4FF6-8904-E581A84C040D}.Release|Any CPU.Build.0 = Release|Any CPU
		{652D3662-DEB4-4FF6-8904-E581A84C040D}.Release|x64.ActiveCfg = Release|Any CPU
		{652D3662-DEB4-4FF6-8904-E581A84C040D}.Release|x64.Build.0 = Release|Any CPU
		{652D3662-DEB4-4FF6-8904-E581A84C040D}.Release|x86.ActiveCfg = Release|Any CPU
		{652D3662-DEB4-4FF6-8904-E581A84C040D}.Release|x86.Build.0 = Release|Any CPU
		{8797AFCA-1EE8-4270-8FC4-F93A85F9C825}.Debug|Any CPU.ActiveCfg = Debug|Any CPU
		{8797AFCA-1EE8-4270-8FC4-F93A85F9C825}.Debug|Any CPU.Build.0 = Debug|Any CPU
		{8797AFCA-1EE8-4270-8FC4-F93A85F9C825}.Debug|x64.ActiveCfg = Debug|Any CPU
		{8797AFCA-1EE8-4270-8FC4-F93A85F9C825}.Debug|x64.Build.0 = Debug|Any CPU
		{8797AFCA-1EE8-4270-8FC4-F93A85F9C825}.Debug|x86.ActiveCfg = Debug|Any CPU
		{8797AFCA-1EE8-4270-8FC4-F93A85F9C825}.Debug|x86.Build.0 = Debug|Any CPU
		{8797AFCA-1EE8-4270-8FC4-F93A85F9C825}.Release|Any CPU.ActiveCfg = Release|Any CPU
		{8797AFCA-1EE8-4270-8FC4-F93A85F9C825}.Release|Any CPU.Build.0 = Release|Any CPU
		{8797AFCA-1EE8-4270-8FC4-F93A85F9C825}.Release|x64.ActiveCfg = Release|Any CPU
		{8797AFCA-1EE8-4270-8FC4-F93A85F9C825}.Release|x64.Build.0 = Release|Any CPU
		{8797AFCA-1EE8-4270-8FC4-F93A85F9C825}.Release|x86.ActiveCfg = Release|Any CPU
		{8797AFCA-1EE8-4270-8FC4-F93A85F9C825}.Release|x86.Build.0 = Release|Any CPU
		{78D2B20D-B173-4CF2-A763-F2AA5347947E}.Debug|Any CPU.ActiveCfg = Debug|Any CPU
		{78D2B20D-B173-4CF2-A763-F2AA5347947E}.Debug|Any CPU.Build.0 = Debug|Any CPU
		{78D2B20D-B173-4CF2-A763-F2AA5347947E}.Debug|x64.ActiveCfg = Debug|Any CPU
		{78D2B20D-B173-4CF2-A763-F2AA5347947E}.Debug|x64.Build.0 = Debug|Any CPU
		{78D2B20D-B173-4CF2-A763-F2AA5347947E}.Debug|x86.ActiveCfg = Debug|Any CPU
		{78D2B20D-B173-4CF2-A763-F2AA5347947E}.Debug|x86.Build.0 = Debug|Any CPU
		{78D2B20D-B173-4CF2-A763-F2AA5347947E}.Release|Any CPU.ActiveCfg = Release|Any CPU
		{78D2B20D-B173-4CF2-A763-F2AA5347947E}.Release|Any CPU.Build.0 = Release|Any CPU
		{78D2B20D-B173-4CF2-A763-F2AA5347947E}.Release|x64.ActiveCfg = Release|Any CPU
		{78D2B20D-B173-4CF2-A763-F2AA5347947E}.Release|x64.Build.0 = Release|Any CPU
		{78D2B20D-B173-4CF2-A763-F2AA5347947E}.Release|x86.ActiveCfg = Release|Any CPU
		{78D2B20D-B173-4CF2-A763-F2AA5347947E}.Release|x86.Build.0 = Release|Any CPU
		{C0BA460C-C1AC-4C54-9C88-60E4B8681E94}.Debug|Any CPU.ActiveCfg = Debug|Any CPU
		{C0BA460C-C1AC-4C54-9C88-60E4B8681E94}.Debug|Any CPU.Build.0 = Debug|Any CPU
		{C0BA460C-C1AC-4C54-9C88-60E4B8681E94}.Debug|x64.ActiveCfg = Debug|Any CPU
		{C0BA460C-C1AC-4C54-9C88-60E4B8681E94}.Debug|x64.Build.0 = Debug|Any CPU
		{C0BA460C-C1AC-4C54-9C88-60E4B8681E94}.Debug|x86.ActiveCfg = Debug|Any CPU
		{C0BA460C-C1AC-4C54-9C88-60E4B8681E94}.Debug|x86.Build.0 = Debug|Any CPU
		{C0BA460C-C1AC-4C54-9C88-60E4B8681E94}.Release|Any CPU.ActiveCfg = Release|Any CPU
		{C0BA460C-C1AC-4C54-9C88-60E4B8681E94}.Release|Any CPU.Build.0 = Release|Any CPU
		{C0BA460C-C1AC-4C54-9C88-60E4B8681E94}.Release|x64.ActiveCfg = Release|Any CPU
		{C0BA460C-C1AC-4C54-9C88-60E4B8681E94}.Release|x64.Build.0 = Release|Any CPU
		{C0BA460C-C1AC-4C54-9C88-60E4B8681E94}.Release|x86.ActiveCfg = Release|Any CPU
		{C0BA460C-C1AC-4C54-9C88-60E4B8681E94}.Release|x86.Build.0 = Release|Any CPU
		{5889B0C9-50E5-4FDC-933B-8684B9FAB8E4}.Debug|Any CPU.ActiveCfg = Debug|Any CPU
		{5889B0C9-50E5-4FDC-933B-8684B9FAB8E4}.Debug|Any CPU.Build.0 = Debug|Any CPU
		{5889B0C9-50E5-4FDC-933B-8684B9FAB8E4}.Debug|x64.ActiveCfg = Debug|Any CPU
		{5889B0C9-50E5-4FDC-933B-8684B9FAB8E4}.Debug|x64.Build.0 = Debug|Any CPU
		{5889B0C9-50E5-4FDC-933B-8684B9FAB8E4}.Debug|x86.ActiveCfg = Debug|Any CPU
		{5889B0C9-50E5-4FDC-933B-8684B9FAB8E4}.Debug|x86.Build.0 = Debug|Any CPU
		{5889B0C9-50E5-4FDC-933B-8684B9FAB8E4}.Release|Any CPU.ActiveCfg = Release|Any CPU
		{5889B0C9-50E5-4FDC-933B-8684B9FAB8E4}.Release|Any CPU.Build.0 = Release|Any CPU
		{5889B0C9-50E5-4FDC-933B-8684B9FAB8E4}.Release|x64.ActiveCfg = Release|Any CPU
		{5889B0C9-50E5-4FDC-933B-8684B9FAB8E4}.Release|x64.Build.0 = Release|Any CPU
		{5889B0C9-50E5-4FDC-933B-8684B9FAB8E4}.Release|x86.ActiveCfg = Release|Any CPU
		{5889B0C9-50E5-4FDC-933B-8684B9FAB8E4}.Release|x86.Build.0 = Release|Any CPU
		{8BE0F92F-F353-4D63-9C6F-50D4A0BB7FAB}.Debug|Any CPU.ActiveCfg = Debug|Any CPU
		{8BE0F92F-F353-4D63-9C6F-50D4A0BB7FAB}.Debug|Any CPU.Build.0 = Debug|Any CPU
		{8BE0F92F-F353-4D63-9C6F-50D4A0BB7FAB}.Debug|x64.ActiveCfg = Debug|Any CPU
		{8BE0F92F-F353-4D63-9C6F-50D4A0BB7FAB}.Debug|x64.Build.0 = Debug|Any CPU
		{8BE0F92F-F353-4D63-9C6F-50D4A0BB7FAB}.Debug|x86.ActiveCfg = Debug|Any CPU
		{8BE0F92F-F353-4D63-9C6F-50D4A0BB7FAB}.Debug|x86.Build.0 = Debug|Any CPU
		{8BE0F92F-F353-4D63-9C6F-50D4A0BB7FAB}.Release|Any CPU.ActiveCfg = Release|Any CPU
		{8BE0F92F-F353-4D63-9C6F-50D4A0BB7FAB}.Release|Any CPU.Build.0 = Release|Any CPU
		{8BE0F92F-F353-4D63-9C6F-50D4A0BB7FAB}.Release|x64.ActiveCfg = Release|Any CPU
		{8BE0F92F-F353-4D63-9C6F-50D4A0BB7FAB}.Release|x64.Build.0 = Release|Any CPU
		{8BE0F92F-F353-4D63-9C6F-50D4A0BB7FAB}.Release|x86.ActiveCfg = Release|Any CPU
		{8BE0F92F-F353-4D63-9C6F-50D4A0BB7FAB}.Release|x86.Build.0 = Release|Any CPU
		{0CDA2765-C9DF-45EE-A099-0E2D4A980E59}.Debug|Any CPU.ActiveCfg = Debug|Any CPU
		{0CDA2765-C9DF-45EE-A099-0E2D4A980E59}.Debug|Any CPU.Build.0 = Debug|Any CPU
		{0CDA2765-C9DF-45EE-A099-0E2D4A980E59}.Debug|x64.ActiveCfg = Debug|Any CPU
		{0CDA2765-C9DF-45EE-A099-0E2D4A980E59}.Debug|x64.Build.0 = Debug|Any CPU
		{0CDA2765-C9DF-45EE-A099-0E2D4A980E59}.Debug|x86.ActiveCfg = Debug|Any CPU
		{0CDA2765-C9DF-45EE-A099-0E2D4A980E59}.Debug|x86.Build.0 = Debug|Any CPU
		{0CDA2765-C9DF-45EE-A099-0E2D4A980E59}.Release|Any CPU.ActiveCfg = Release|Any CPU
		{0CDA2765-C9DF-45EE-A099-0E2D4A980E59}.Release|Any CPU.Build.0 = Release|Any CPU
		{0CDA2765-C9DF-45EE-A099-0E2D4A980E59}.Release|x64.ActiveCfg = Release|Any CPU
		{0CDA2765-C9DF-45EE-A099-0E2D4A980E59}.Release|x64.Build.0 = Release|Any CPU
		{0CDA2765-C9DF-45EE-A099-0E2D4A980E59}.Release|x86.ActiveCfg = Release|Any CPU
		{0CDA2765-C9DF-45EE-A099-0E2D4A980E59}.Release|x86.Build.0 = Release|Any CPU
		{F934B760-4847-4BA8-9F6A-7F750ECF2328}.Debug|Any CPU.ActiveCfg = Debug|Any CPU
		{F934B760-4847-4BA8-9F6A-7F750ECF2328}.Debug|Any CPU.Build.0 = Debug|Any CPU
		{F934B760-4847-4BA8-9F6A-7F750ECF2328}.Debug|x64.ActiveCfg = Debug|Any CPU
		{F934B760-4847-4BA8-9F6A-7F750ECF2328}.Debug|x64.Build.0 = Debug|Any CPU
		{F934B760-4847-4BA8-9F6A-7F750ECF2328}.Debug|x86.ActiveCfg = Debug|Any CPU
		{F934B760-4847-4BA8-9F6A-7F750ECF2328}.Debug|x86.Build.0 = Debug|Any CPU
		{F934B760-4847-4BA8-9F6A-7F750ECF2328}.Release|Any CPU.ActiveCfg = Release|Any CPU
		{F934B760-4847-4BA8-9F6A-7F750ECF2328}.Release|Any CPU.Build.0 = Release|Any CPU
		{F934B760-4847-4BA8-9F6A-7F750ECF2328}.Release|x64.ActiveCfg = Release|Any CPU
		{F934B760-4847-4BA8-9F6A-7F750ECF2328}.Release|x64.Build.0 = Release|Any CPU
		{F934B760-4847-4BA8-9F6A-7F750ECF2328}.Release|x86.ActiveCfg = Release|Any CPU
		{F934B760-4847-4BA8-9F6A-7F750ECF2328}.Release|x86.Build.0 = Release|Any CPU
		{2DC38785-B7B6-49E9-84D4-103A56D3604A}.Debug|Any CPU.ActiveCfg = Debug|Any CPU
		{2DC38785-B7B6-49E9-84D4-103A56D3604A}.Debug|Any CPU.Build.0 = Debug|Any CPU
		{2DC38785-B7B6-49E9-84D4-103A56D3604A}.Debug|x64.ActiveCfg = Debug|Any CPU
		{2DC38785-B7B6-49E9-84D4-103A56D3604A}.Debug|x64.Build.0 = Debug|Any CPU
		{2DC38785-B7B6-49E9-84D4-103A56D3604A}.Debug|x86.ActiveCfg = Debug|Any CPU
		{2DC38785-B7B6-49E9-84D4-103A56D3604A}.Debug|x86.Build.0 = Debug|Any CPU
		{2DC38785-B7B6-49E9-84D4-103A56D3604A}.Release|Any CPU.ActiveCfg = Release|Any CPU
		{2DC38785-B7B6-49E9-84D4-103A56D3604A}.Release|Any CPU.Build.0 = Release|Any CPU
		{2DC38785-B7B6-49E9-84D4-103A56D3604A}.Release|x64.ActiveCfg = Release|Any CPU
		{2DC38785-B7B6-49E9-84D4-103A56D3604A}.Release|x64.Build.0 = Release|Any CPU
		{2DC38785-B7B6-49E9-84D4-103A56D3604A}.Release|x86.ActiveCfg = Release|Any CPU
		{2DC38785-B7B6-49E9-84D4-103A56D3604A}.Release|x86.Build.0 = Release|Any CPU
	EndGlobalSection
	GlobalSection(SolutionProperties) = preSolution
		HideSolutionNode = FALSE
	EndGlobalSection
	GlobalSection(NestedProjects) = preSolution
		{2D251CFD-A9DA-421F-B516-B25873348C08} = {471CA3C0-0BC9-4C0C-A013-D9356DBD0F38}
		{00D7FBF0-801B-4B0E-9FDD-5C367E71444B} = {69958BAA-5D54-4F3F-82D6-F622F9491057}
		{98E964A2-55DA-4740-9F2E-B64FDF6715DB} = {69958BAA-5D54-4F3F-82D6-F622F9491057}
		{FFBDDBE3-3E51-4CE6-BDF6-04AB66FFF658} = {98E964A2-55DA-4740-9F2E-B64FDF6715DB}
		{F2937B44-20B4-4E74-B5F5-99AF465424F3} = {98E964A2-55DA-4740-9F2E-B64FDF6715DB}
		{D71D858B-35AF-452F-926F-873DDD990B27} = {98E964A2-55DA-4740-9F2E-B64FDF6715DB}
		{B9C61145-C010-4FAA-B9EA-4D1AEE20305F} = {98E964A2-55DA-4740-9F2E-B64FDF6715DB}
		{4FDB7710-F4CA-45FB-9514-A4D288EDA44A} = {98E964A2-55DA-4740-9F2E-B64FDF6715DB}
		{CC37B369-BA9E-4B82-A14D-68B58924885D} = {98E964A2-55DA-4740-9F2E-B64FDF6715DB}
		{50F86C8F-E052-448C-84CE-08763945FCC7} = {98E964A2-55DA-4740-9F2E-B64FDF6715DB}
		{3CEF9F32-5887-4977-AB8A-1BBC48875A21} = {98E964A2-55DA-4740-9F2E-B64FDF6715DB}
		{652D3662-DEB4-4FF6-8904-E581A84C040D} = {471CA3C0-0BC9-4C0C-A013-D9356DBD0F38}
		{8797AFCA-1EE8-4270-8FC4-F93A85F9C825} = {98E964A2-55DA-4740-9F2E-B64FDF6715DB}
		{78D2B20D-B173-4CF2-A763-F2AA5347947E} = {98E964A2-55DA-4740-9F2E-B64FDF6715DB}
		{C0BA460C-C1AC-4C54-9C88-60E4B8681E94} = {98E964A2-55DA-4740-9F2E-B64FDF6715DB}
		{5889B0C9-50E5-4FDC-933B-8684B9FAB8E4} = {98E964A2-55DA-4740-9F2E-B64FDF6715DB}
		{8BE0F92F-F353-4D63-9C6F-50D4A0BB7FAB} = {98E964A2-55DA-4740-9F2E-B64FDF6715DB}
		{0CDA2765-C9DF-45EE-A099-0E2D4A980E59} = {98E964A2-55DA-4740-9F2E-B64FDF6715DB}
		{F934B760-4847-4BA8-9F6A-7F750ECF2328} = {610E8065-1F29-41E8-A3FC-07ABDF16C8BB}
		{2DC38785-B7B6-49E9-84D4-103A56D3604A} = {610E8065-1F29-41E8-A3FC-07ABDF16C8BB}
		{610E8065-1F29-41E8-A3FC-07ABDF16C8BB} = {F49FFE3B-E1AE-483E-951F-D498F6ABA08E}
	EndGlobalSection
	GlobalSection(ExtensibilityGlobals) = postSolution
		SolutionGuid = {B1AF41DC-A03E-47B1-BBDB-3DC27ABD9F74}
	EndGlobalSection
EndGlobal
