
Microsoft Visual Studio Solution File, Format Version 12.00
# Visual Studio Version 16
VisualStudioVersion = 16.0.29209.152
MinimumVisualStudioVersion = 15.0.26124.0
Project("{2150E333-8FDC-42A3-9474-1A3956D46DE8}") = "src", "src", "{471CA3C0-0BC9-4C0C-A013-D9356DBD0F38}"
EndProject
Project("{9A19103F-16F7-4668-BE54-9A1E7A4F7556}") = "McMaster.NETCore.Plugins", "src\Plugins\McMaster.NETCore.Plugins.csproj", "{2D251CFD-A9DA-421F-B516-B25873348C08}"
EndProject
Project("{2150E333-8FDC-42A3-9474-1A3956D46DE8}") = "test", "test", "{69958BAA-5D54-4F3F-82D6-F622F9491057}"
EndProject
Project("{9A19103F-16F7-4668-BE54-9A1E7A4F7556}") = "McMaster.NETCore.Plugins.Tests", "test\Plugins.Tests\McMaster.NETCore.Plugins.Tests.csproj", "{00D7FBF0-801B-4B0E-9FDD-5C367E71444B}"
EndProject
Project("{2150E333-8FDC-42A3-9474-1A3956D46DE8}") = "TestProjects", "TestProjects", "{98E964A2-55DA-4740-9F2E-B64FDF6715DB}"
	ProjectSection(SolutionItems) = preProject
		test\TestProjects\Directory.Build.props = test\TestProjects\Directory.Build.props
		test\TestProjects\Directory.Build.targets = test\TestProjects\Directory.Build.targets
	EndProjectSection
EndProject
Project("{9A19103F-16F7-4668-BE54-9A1E7A4F7556}") = "JsonNet10", "test\TestProjects\JsonNet10\JsonNet10.csproj", "{FFBDDBE3-3E51-4CE6-BDF6-04AB66FFF658}"
EndProject
Project("{9A19103F-16F7-4668-BE54-9A1E7A4F7556}") = "JsonNet11", "test\TestProjects\JsonNet11\JsonNet11.csproj", "{F2937B44-20B4-4E74-B5F5-99AF465424F3}"
EndProject
Project("{9A19103F-16F7-4668-BE54-9A1E7A4F7556}") = "JsonNet9", "test\TestProjects\JsonNet9\JsonNet9.csproj", "{D71D858B-35AF-452F-926F-873DDD990B27}"
EndProject
Project("{9A19103F-16F7-4668-BE54-9A1E7A4F7556}") = "NetCoreApp20App", "test\TestProjects\NetCoreApp20App\NetCoreApp20App.csproj", "{B9C61145-C010-4FAA-B9EA-4D1AEE20305F}"
EndProject
Project("{9A19103F-16F7-4668-BE54-9A1E7A4F7556}") = "NetStandardClassLib", "test\TestProjects\NetStandardClassLib\NetStandardClassLib.csproj", "{4FDB7710-F4CA-45FB-9514-A4D288EDA44A}"
EndProject
Project("{9A19103F-16F7-4668-BE54-9A1E7A4F7556}") = "ReferencedLibv1", "test\TestProjects\ReferencedLibv1\ReferencedLibv1.csproj", "{CC37B369-BA9E-4B82-A14D-68B58924885D}"
EndProject
Project("{9A19103F-16F7-4668-BE54-9A1E7A4F7556}") = "ReferencedLibv2", "test\TestProjects\ReferencedLibv2\ReferencedLibv2.csproj", "{50F86C8F-E052-448C-84CE-08763945FCC7}"
EndProject
Project("{9A19103F-16F7-4668-BE54-9A1E7A4F7556}") = "XunitSample", "test\TestProjects\XunitSample\XunitSample.csproj", "{3CEF9F32-5887-4977-AB8A-1BBC48875A21}"
EndProject
Project("{9A19103F-16F7-4668-BE54-9A1E7A4F7556}") = "Banana", "test\TestProjects\Banana\Banana.csproj", "{8797AFCA-1EE8-4270-8FC4-F93A85F9C825}"
EndProject
Project("{9A19103F-16F7-4668-BE54-9A1E7A4F7556}") = "Strawberry", "test\TestProjects\Strawberry\Strawberry.csproj", "{78D2B20D-B173-4CF2-A763-F2AA5347947E}"
EndProject
Project("{9A19103F-16F7-4668-BE54-9A1E7A4F7556}") = "PowerShellPlugin", "test\TestProjects\PowerShellPlugin\PowerShellPlugin.csproj", "{C0BA460C-C1AC-4C54-9C88-60E4B8681E94}"
EndProject
Project("{2150E333-8FDC-42A3-9474-1A3956D46DE8}") = "Solution Items", "Solution Items", "{9E47E94A-3F50-4B3B-8937-1FCF832ABEB6}"
	ProjectSection(SolutionItems) = preProject
		.editorconfig = .editorconfig
		.gitignore = .gitignore
		build.ps1 = build.ps1
		src\common.psm1 = src\common.psm1
		Directory.Build.props = Directory.Build.props
		Directory.Build.targets = Directory.Build.targets
		src\Directory.Build.targets = src\Directory.Build.targets
		LICENSE.txt = LICENSE.txt
		README.md = README.md
		releasenotes.props = releasenotes.props
		version.props = version.props
	EndProjectSection
EndProject
Project("{9A19103F-16F7-4668-BE54-9A1E7A4F7556}") = "Plátano", "test\TestProjects\Plátano\Plátano.csproj", "{5889B0C9-50E5-4FDC-933B-8684B9FAB8E4}"
EndProject
Project("{9A19103F-16F7-4668-BE54-9A1E7A4F7556}") = "DrawingApp", "test\TestProjects\DrawingApp\DrawingApp.csproj", "{8BE0F92F-F353-4D63-9C6F-50D4A0BB7FAB}"
EndProject
Project("{9A19103F-16F7-4668-BE54-9A1E7A4F7556}") = "SqlClientApp", "test\TestProjects\SqlClientApp\SqlClientApp.csproj", "{0CDA2765-C9DF-45EE-A099-0E2D4A980E59}"
EndProject
Project("{9A19103F-16F7-4668-BE54-9A1E7A4F7556}") = "MvcApp", "samples\aspnetcore-mvc\MvcApp\MvcApp.csproj", "{F934B760-4847-4BA8-9F6A-7F750ECF2328}"
EndProject
Project("{9A19103F-16F7-4668-BE54-9A1E7A4F7556}") = "MvcAppPlugin1", "samples\aspnetcore-mvc\MvcAppPlugin1\MvcAppPlugin1.csproj", "{2DC38785-B7B6-49E9-84D4-103A56D3604A}"
EndProject
Project("{2150E333-8FDC-42A3-9474-1A3956D46DE8}") = "samples", "samples", "{F49FFE3B-E1AE-483E-951F-D498F6ABA08E}"
EndProject
Project("{2150E333-8FDC-42A3-9474-1A3956D46DE8}") = "aspnetcoremvc", "aspnetcoremvc", "{610E8065-1F29-41E8-A3FC-07ABDF16C8BB}"
EndProject
Project("{9A19103F-16F7-4668-BE54-9A1E7A4F7556}") = "McMaster.NETCore.Plugins.Mvc", "src\Plugins.Mvc\McMaster.NETCore.Plugins.Mvc.csproj", "{263CD320-FAC5-4F0C-8FFB-788DD3C455D4}"
EndProject
Project("{2150E333-8FDC-42A3-9474-1A3956D46DE8}") = "aspnetcore", "aspnetcore", "{DD87D202-998B-4C20-8D68-C769797D7761}"
EndProject
Project("{9A19103F-16F7-4668-BE54-9A1E7A4F7556}") = "Abstractions", "samples\aspnetcore\Abstractions\Abstractions.csproj", "{D1E1AEDC-4870-4863-A8D3-B6A184E651C1}"
EndProject
Project("{9A19103F-16F7-4668-BE54-9A1E7A4F7556}") = "MainWebApp", "samples\aspnetcore\MainWebApp\MainWebApp.csproj", "{7DD1722B-B971-4322-BA74-C622E808B84D}"
EndProject
Project("{9A19103F-16F7-4668-BE54-9A1E7A4F7556}") = "WebAppPlugin1", "samples\aspnetcore\WebAppPlugin1\WebAppPlugin1.csproj", "{A4C90265-C922-4145-8CDC-82EC5EBBC3A4}"
EndProject
Project("{9A19103F-16F7-4668-BE54-9A1E7A4F7556}") = "WebAppPlugin2", "samples\aspnetcore\WebAppPlugin2\WebAppPlugin2.csproj", "{ADF569DC-E916-4F39-8ABF-8AA42F69266E}"
EndProject
Project("{2150E333-8FDC-42A3-9474-1A3956D46DE8}") = "hello-world", "hello-world", "{3B0C6936-E777-4413-B68A-1686A768F928}"
EndProject
Project("{9A19103F-16F7-4668-BE54-9A1E7A4F7556}") = "HostApp", "samples\hello-world\HostApp\HostApp.csproj", "{DFC13FA1-509C-42AF-870F-543C7A3F231B}"
EndProject
Project("{9A19103F-16F7-4668-BE54-9A1E7A4F7556}") = "MyPlugin", "samples\hello-world\MyPlugin\MyPlugin.csproj", "{2573526D-A764-4507-B2F6-1A2BF7A3FA93}"
EndProject
Project("{9A19103F-16F7-4668-BE54-9A1E7A4F7556}") = "PluginContract", "samples\hello-world\PluginContract\PluginContract.csproj", "{6842C9FD-6720-43EA-83AD-DE315531DDA9}"
EndProject
Project("{2150E333-8FDC-42A3-9474-1A3956D46DE8}") = "dependency-injection", "dependency-injection", "{D17C19AC-EC11-4661-BD23-DC8308CF71C0}"
EndProject
Project("{9A19103F-16F7-4668-BE54-9A1E7A4F7556}") = "DI.HostApp", "samples\dependency-injection\DI.HostApp\DI.HostApp.csproj", "{5DBEE6E0-8744-46E4-B711-8FEC98D41A50}"
EndProject
Project("{9A19103F-16F7-4668-BE54-9A1E7A4F7556}") = "MyPlugin1", "samples\dependency-injection\MyPlugin1\MyPlugin1.csproj", "{BF78F36A-D072-4F1C-89B1-73D9C208ABB3}"
EndProject
Project("{9A19103F-16F7-4668-BE54-9A1E7A4F7556}") = "MyPlugin2", "samples\dependency-injection\MyPlugin2\MyPlugin2.csproj", "{4BE54BD4-E561-4951-88F1-4DF09C3C3AB9}"
EndProject
Project("{9A19103F-16F7-4668-BE54-9A1E7A4F7556}") = "DI.SharedAbstractions", "samples\dependency-injection\DI.SharedAbstractions\DI.SharedAbstractions.csproj", "{40E1EB3E-0CAE-45B1-B146-C7C8B3865C65}"
EndProject
Project("{9A19103F-16F7-4668-BE54-9A1E7A4F7556}") = "TransitiveDep.v2", "test\TestProjects\TransitiveDep.v2\TransitiveDep.v2.csproj", "{CE0C0288-E0A3-4B06-B05F-CCBFFC4E7BF6}"
EndProject
Project("{9A19103F-16F7-4668-BE54-9A1E7A4F7556}") = "SharedAbstraction.v1", "test\TestProjects\SharedAbstraction.v1\SharedAbstraction.v1.csproj", "{D5519A45-AD22-41DB-ADDA-589C3E7D6C0D}"
EndProject
Project("{9A19103F-16F7-4668-BE54-9A1E7A4F7556}") = "TransitiveDep.v1", "test\TestProjects\TransitiveDep.v1\TransitiveDep.v1.csproj", "{704EA4BF-71D9-442B-96D9-9B3E81068CC2}"
EndProject
Project("{9A19103F-16F7-4668-BE54-9A1E7A4F7556}") = "SharedAbstraction.v2", "test\TestProjects\SharedAbstraction.v2\SharedAbstraction.v2.csproj", "{3549E707-E4B0-428F-9CF4-5B5B86219B6D}"
EndProject
Project("{9A19103F-16F7-4668-BE54-9A1E7A4F7556}") = "TransitivePlugin", "test\TestProjects\TransitivePlugin\TransitivePlugin.csproj", "{1EA2BACF-3D44-4B05-A0E7-727AE13E693D}"
EndProject
Project("{2150E333-8FDC-42A3-9474-1A3956D46DE8}") = "hot-reload", "hot-reload", "{07E0093F-F05C-4AED-A489-1254C9854E21}"
EndProject
Project("{9A19103F-16F7-4668-BE54-9A1E7A4F7556}") = "HotReloadApp", "samples\hot-reload\HotReloadApp\HotReloadApp.csproj", "{D815817F-CC0D-42CC-9C9C-8E229B9C03A8}"
EndProject
Project("{9A19103F-16F7-4668-BE54-9A1E7A4F7556}") = "TimestampedPlugin", "samples\hot-reload\TimestampedPlugin\TimestampedPlugin.csproj", "{FAB78955-5E1F-4E6D-A79B-F85D8D18BDF4}"
EndProject
Project("{9A19103F-16F7-4668-BE54-9A1E7A4F7556}") = "WithOwnPlugins", "test\TestProjects\WithOwnPlugins\WithOwnPlugins.csproj", "{F47ED576-F347-44C4-BEC7-6C00A500555A}"
EndProject
Project("{9A19103F-16F7-4668-BE54-9A1E7A4F7556}") = "WithOwnPluginsContract", "test\TestProjects\WithOwnPluginsContract\WithOwnPluginsContract.csproj", "{F55E52BD-A846-4808-9482-E4AB0921328D}"
EndProject
Project("{FAE04EC0-301F-11D3-BF4B-00C04F79EFBC}") = "WithOurPluginsPluginContract", "test\TestProjects\WithOurPluginsPluginContract\WithOurPluginsPluginContract.csproj", "{7C7B19F2-5822-4DA2-80D2-E077CE705039}"
EndProject
Project("{FAE04EC0-301F-11D3-BF4B-00C04F79EFBC}") = "WithOurPluginsPluginA", "test\TestProjects\WithOurPluginsPluginA\WithOurPluginsPluginA.csproj", "{3A7712FC-9A91-4322-AF7E-4FEC6EB0D845}"
EndProject
Project("{FAE04EC0-301F-11D3-BF4B-00C04F79EFBC}") = "WithOurPluginsPluginB", "test\TestProjects\WithOurPluginsPluginB\WithOurPluginsPluginB.csproj", "{D5B3DA06-E60D-4C85-8835-6A26003365AA}"
EndProject
Project("{FAE04EC0-301F-11D3-BF4B-00C04F79EFBC}") = "NativeDependency", "test\TestProjects\NativeDependency\NativeDependency.csproj", "{2837A894-11D6-4DBF-B140-84C97C385A15}"
EndProject
Global
	GlobalSection(SolutionConfigurationPlatforms) = preSolution
		Debug|Any CPU = Debug|Any CPU
		Debug|x64 = Debug|x64
		Debug|x86 = Debug|x86
		Release|Any CPU = Release|Any CPU
		Release|x64 = Release|x64
		Release|x86 = Release|x86
	EndGlobalSection
	GlobalSection(ProjectConfigurationPlatforms) = postSolution
		{2D251CFD-A9DA-421F-B516-B25873348C08}.Debug|Any CPU.ActiveCfg = Debug|Any CPU
		{2D251CFD-A9DA-421F-B516-B25873348C08}.Debug|Any CPU.Build.0 = Debug|Any CPU
		{2D251CFD-A9DA-421F-B516-B25873348C08}.Debug|x64.ActiveCfg = Debug|Any CPU
		{2D251CFD-A9DA-421F-B516-B25873348C08}.Debug|x64.Build.0 = Debug|Any CPU
		{2D251CFD-A9DA-421F-B516-B25873348C08}.Debug|x86.ActiveCfg = Debug|Any CPU
		{2D251CFD-A9DA-421F-B516-B25873348C08}.Debug|x86.Build.0 = Debug|Any CPU
		{2D251CFD-A9DA-421F-B516-B25873348C08}.Release|Any CPU.ActiveCfg = Release|Any CPU
		{2D251CFD-A9DA-421F-B516-B25873348C08}.Release|Any CPU.Build.0 = Release|Any CPU
		{2D251CFD-A9DA-421F-B516-B25873348C08}.Release|x64.ActiveCfg = Release|Any CPU
		{2D251CFD-A9DA-421F-B516-B25873348C08}.Release|x64.Build.0 = Release|Any CPU
		{2D251CFD-A9DA-421F-B516-B25873348C08}.Release|x86.ActiveCfg = Release|Any CPU
		{2D251CFD-A9DA-421F-B516-B25873348C08}.Release|x86.Build.0 = Release|Any CPU
		{00D7FBF0-801B-4B0E-9FDD-5C367E71444B}.Debug|Any CPU.ActiveCfg = Debug|Any CPU
		{00D7FBF0-801B-4B0E-9FDD-5C367E71444B}.Debug|Any CPU.Build.0 = Debug|Any CPU
		{00D7FBF0-801B-4B0E-9FDD-5C367E71444B}.Debug|x64.ActiveCfg = Debug|Any CPU
		{00D7FBF0-801B-4B0E-9FDD-5C367E71444B}.Debug|x64.Build.0 = Debug|Any CPU
		{00D7FBF0-801B-4B0E-9FDD-5C367E71444B}.Debug|x86.ActiveCfg = Debug|Any CPU
		{00D7FBF0-801B-4B0E-9FDD-5C367E71444B}.Debug|x86.Build.0 = Debug|Any CPU
		{00D7FBF0-801B-4B0E-9FDD-5C367E71444B}.Release|Any CPU.ActiveCfg = Release|Any CPU
		{00D7FBF0-801B-4B0E-9FDD-5C367E71444B}.Release|Any CPU.Build.0 = Release|Any CPU
		{00D7FBF0-801B-4B0E-9FDD-5C367E71444B}.Release|x64.ActiveCfg = Release|Any CPU
		{00D7FBF0-801B-4B0E-9FDD-5C367E71444B}.Release|x64.Build.0 = Release|Any CPU
		{00D7FBF0-801B-4B0E-9FDD-5C367E71444B}.Release|x86.ActiveCfg = Release|Any CPU
		{00D7FBF0-801B-4B0E-9FDD-5C367E71444B}.Release|x86.Build.0 = Release|Any CPU
		{FFBDDBE3-3E51-4CE6-BDF6-04AB66FFF658}.Debug|Any CPU.ActiveCfg = Debug|Any CPU
		{FFBDDBE3-3E51-4CE6-BDF6-04AB66FFF658}.Debug|Any CPU.Build.0 = Debug|Any CPU
		{FFBDDBE3-3E51-4CE6-BDF6-04AB66FFF658}.Debug|x64.ActiveCfg = Debug|Any CPU
		{FFBDDBE3-3E51-4CE6-BDF6-04AB66FFF658}.Debug|x64.Build.0 = Debug|Any CPU
		{FFBDDBE3-3E51-4CE6-BDF6-04AB66FFF658}.Debug|x86.ActiveCfg = Debug|Any CPU
		{FFBDDBE3-3E51-4CE6-BDF6-04AB66FFF658}.Debug|x86.Build.0 = Debug|Any CPU
		{FFBDDBE3-3E51-4CE6-BDF6-04AB66FFF658}.Release|Any CPU.ActiveCfg = Release|Any CPU
		{FFBDDBE3-3E51-4CE6-BDF6-04AB66FFF658}.Release|Any CPU.Build.0 = Release|Any CPU
		{FFBDDBE3-3E51-4CE6-BDF6-04AB66FFF658}.Release|x64.ActiveCfg = Release|Any CPU
		{FFBDDBE3-3E51-4CE6-BDF6-04AB66FFF658}.Release|x64.Build.0 = Release|Any CPU
		{FFBDDBE3-3E51-4CE6-BDF6-04AB66FFF658}.Release|x86.ActiveCfg = Release|Any CPU
		{FFBDDBE3-3E51-4CE6-BDF6-04AB66FFF658}.Release|x86.Build.0 = Release|Any CPU
		{F2937B44-20B4-4E74-B5F5-99AF465424F3}.Debug|Any CPU.ActiveCfg = Debug|Any CPU
		{F2937B44-20B4-4E74-B5F5-99AF465424F3}.Debug|Any CPU.Build.0 = Debug|Any CPU
		{F2937B44-20B4-4E74-B5F5-99AF465424F3}.Debug|x64.ActiveCfg = Debug|Any CPU
		{F2937B44-20B4-4E74-B5F5-99AF465424F3}.Debug|x64.Build.0 = Debug|Any CPU
		{F2937B44-20B4-4E74-B5F5-99AF465424F3}.Debug|x86.ActiveCfg = Debug|Any CPU
		{F2937B44-20B4-4E74-B5F5-99AF465424F3}.Debug|x86.Build.0 = Debug|Any CPU
		{F2937B44-20B4-4E74-B5F5-99AF465424F3}.Release|Any CPU.ActiveCfg = Release|Any CPU
		{F2937B44-20B4-4E74-B5F5-99AF465424F3}.Release|Any CPU.Build.0 = Release|Any CPU
		{F2937B44-20B4-4E74-B5F5-99AF465424F3}.Release|x64.ActiveCfg = Release|Any CPU
		{F2937B44-20B4-4E74-B5F5-99AF465424F3}.Release|x64.Build.0 = Release|Any CPU
		{F2937B44-20B4-4E74-B5F5-99AF465424F3}.Release|x86.ActiveCfg = Release|Any CPU
		{F2937B44-20B4-4E74-B5F5-99AF465424F3}.Release|x86.Build.0 = Release|Any CPU
		{D71D858B-35AF-452F-926F-873DDD990B27}.Debug|Any CPU.ActiveCfg = Debug|Any CPU
		{D71D858B-35AF-452F-926F-873DDD990B27}.Debug|Any CPU.Build.0 = Debug|Any CPU
		{D71D858B-35AF-452F-926F-873DDD990B27}.Debug|x64.ActiveCfg = Debug|Any CPU
		{D71D858B-35AF-452F-926F-873DDD990B27}.Debug|x64.Build.0 = Debug|Any CPU
		{D71D858B-35AF-452F-926F-873DDD990B27}.Debug|x86.ActiveCfg = Debug|Any CPU
		{D71D858B-35AF-452F-926F-873DDD990B27}.Debug|x86.Build.0 = Debug|Any CPU
		{D71D858B-35AF-452F-926F-873DDD990B27}.Release|Any CPU.ActiveCfg = Release|Any CPU
		{D71D858B-35AF-452F-926F-873DDD990B27}.Release|Any CPU.Build.0 = Release|Any CPU
		{D71D858B-35AF-452F-926F-873DDD990B27}.Release|x64.ActiveCfg = Release|Any CPU
		{D71D858B-35AF-452F-926F-873DDD990B27}.Release|x64.Build.0 = Release|Any CPU
		{D71D858B-35AF-452F-926F-873DDD990B27}.Release|x86.ActiveCfg = Release|Any CPU
		{D71D858B-35AF-452F-926F-873DDD990B27}.Release|x86.Build.0 = Release|Any CPU
		{B9C61145-C010-4FAA-B9EA-4D1AEE20305F}.Debug|Any CPU.ActiveCfg = Debug|Any CPU
		{B9C61145-C010-4FAA-B9EA-4D1AEE20305F}.Debug|Any CPU.Build.0 = Debug|Any CPU
		{B9C61145-C010-4FAA-B9EA-4D1AEE20305F}.Debug|x64.ActiveCfg = Debug|Any CPU
		{B9C61145-C010-4FAA-B9EA-4D1AEE20305F}.Debug|x64.Build.0 = Debug|Any CPU
		{B9C61145-C010-4FAA-B9EA-4D1AEE20305F}.Debug|x86.ActiveCfg = Debug|Any CPU
		{B9C61145-C010-4FAA-B9EA-4D1AEE20305F}.Debug|x86.Build.0 = Debug|Any CPU
		{B9C61145-C010-4FAA-B9EA-4D1AEE20305F}.Release|Any CPU.ActiveCfg = Release|Any CPU
		{B9C61145-C010-4FAA-B9EA-4D1AEE20305F}.Release|Any CPU.Build.0 = Release|Any CPU
		{B9C61145-C010-4FAA-B9EA-4D1AEE20305F}.Release|x64.ActiveCfg = Release|Any CPU
		{B9C61145-C010-4FAA-B9EA-4D1AEE20305F}.Release|x64.Build.0 = Release|Any CPU
		{B9C61145-C010-4FAA-B9EA-4D1AEE20305F}.Release|x86.ActiveCfg = Release|Any CPU
		{B9C61145-C010-4FAA-B9EA-4D1AEE20305F}.Release|x86.Build.0 = Release|Any CPU
		{4FDB7710-F4CA-45FB-9514-A4D288EDA44A}.Debug|Any CPU.ActiveCfg = Debug|Any CPU
		{4FDB7710-F4CA-45FB-9514-A4D288EDA44A}.Debug|Any CPU.Build.0 = Debug|Any CPU
		{4FDB7710-F4CA-45FB-9514-A4D288EDA44A}.Debug|x64.ActiveCfg = Debug|Any CPU
		{4FDB7710-F4CA-45FB-9514-A4D288EDA44A}.Debug|x64.Build.0 = Debug|Any CPU
		{4FDB7710-F4CA-45FB-9514-A4D288EDA44A}.Debug|x86.ActiveCfg = Debug|Any CPU
		{4FDB7710-F4CA-45FB-9514-A4D288EDA44A}.Debug|x86.Build.0 = Debug|Any CPU
		{4FDB7710-F4CA-45FB-9514-A4D288EDA44A}.Release|Any CPU.ActiveCfg = Release|Any CPU
		{4FDB7710-F4CA-45FB-9514-A4D288EDA44A}.Release|Any CPU.Build.0 = Release|Any CPU
		{4FDB7710-F4CA-45FB-9514-A4D288EDA44A}.Release|x64.ActiveCfg = Release|Any CPU
		{4FDB7710-F4CA-45FB-9514-A4D288EDA44A}.Release|x64.Build.0 = Release|Any CPU
		{4FDB7710-F4CA-45FB-9514-A4D288EDA44A}.Release|x86.ActiveCfg = Release|Any CPU
		{4FDB7710-F4CA-45FB-9514-A4D288EDA44A}.Release|x86.Build.0 = Release|Any CPU
		{CC37B369-BA9E-4B82-A14D-68B58924885D}.Debug|Any CPU.ActiveCfg = Debug|Any CPU
		{CC37B369-BA9E-4B82-A14D-68B58924885D}.Debug|Any CPU.Build.0 = Debug|Any CPU
		{CC37B369-BA9E-4B82-A14D-68B58924885D}.Debug|x64.ActiveCfg = Debug|Any CPU
		{CC37B369-BA9E-4B82-A14D-68B58924885D}.Debug|x64.Build.0 = Debug|Any CPU
		{CC37B369-BA9E-4B82-A14D-68B58924885D}.Debug|x86.ActiveCfg = Debug|Any CPU
		{CC37B369-BA9E-4B82-A14D-68B58924885D}.Debug|x86.Build.0 = Debug|Any CPU
		{CC37B369-BA9E-4B82-A14D-68B58924885D}.Release|Any CPU.ActiveCfg = Release|Any CPU
		{CC37B369-BA9E-4B82-A14D-68B58924885D}.Release|Any CPU.Build.0 = Release|Any CPU
		{CC37B369-BA9E-4B82-A14D-68B58924885D}.Release|x64.ActiveCfg = Release|Any CPU
		{CC37B369-BA9E-4B82-A14D-68B58924885D}.Release|x64.Build.0 = Release|Any CPU
		{CC37B369-BA9E-4B82-A14D-68B58924885D}.Release|x86.ActiveCfg = Release|Any CPU
		{CC37B369-BA9E-4B82-A14D-68B58924885D}.Release|x86.Build.0 = Release|Any CPU
		{50F86C8F-E052-448C-84CE-08763945FCC7}.Debug|Any CPU.ActiveCfg = Debug|Any CPU
		{50F86C8F-E052-448C-84CE-08763945FCC7}.Debug|Any CPU.Build.0 = Debug|Any CPU
		{50F86C8F-E052-448C-84CE-08763945FCC7}.Debug|x64.ActiveCfg = Debug|Any CPU
		{50F86C8F-E052-448C-84CE-08763945FCC7}.Debug|x64.Build.0 = Debug|Any CPU
		{50F86C8F-E052-448C-84CE-08763945FCC7}.Debug|x86.ActiveCfg = Debug|Any CPU
		{50F86C8F-E052-448C-84CE-08763945FCC7}.Debug|x86.Build.0 = Debug|Any CPU
		{50F86C8F-E052-448C-84CE-08763945FCC7}.Release|Any CPU.ActiveCfg = Release|Any CPU
		{50F86C8F-E052-448C-84CE-08763945FCC7}.Release|Any CPU.Build.0 = Release|Any CPU
		{50F86C8F-E052-448C-84CE-08763945FCC7}.Release|x64.ActiveCfg = Release|Any CPU
		{50F86C8F-E052-448C-84CE-08763945FCC7}.Release|x64.Build.0 = Release|Any CPU
		{50F86C8F-E052-448C-84CE-08763945FCC7}.Release|x86.ActiveCfg = Release|Any CPU
		{50F86C8F-E052-448C-84CE-08763945FCC7}.Release|x86.Build.0 = Release|Any CPU
		{3CEF9F32-5887-4977-AB8A-1BBC48875A21}.Debug|Any CPU.ActiveCfg = Debug|Any CPU
		{3CEF9F32-5887-4977-AB8A-1BBC48875A21}.Debug|Any CPU.Build.0 = Debug|Any CPU
		{3CEF9F32-5887-4977-AB8A-1BBC48875A21}.Debug|x64.ActiveCfg = Debug|Any CPU
		{3CEF9F32-5887-4977-AB8A-1BBC48875A21}.Debug|x64.Build.0 = Debug|Any CPU
		{3CEF9F32-5887-4977-AB8A-1BBC48875A21}.Debug|x86.ActiveCfg = Debug|Any CPU
		{3CEF9F32-5887-4977-AB8A-1BBC48875A21}.Debug|x86.Build.0 = Debug|Any CPU
		{3CEF9F32-5887-4977-AB8A-1BBC48875A21}.Release|Any CPU.ActiveCfg = Release|Any CPU
		{3CEF9F32-5887-4977-AB8A-1BBC48875A21}.Release|Any CPU.Build.0 = Release|Any CPU
		{3CEF9F32-5887-4977-AB8A-1BBC48875A21}.Release|x64.ActiveCfg = Release|Any CPU
		{3CEF9F32-5887-4977-AB8A-1BBC48875A21}.Release|x64.Build.0 = Release|Any CPU
		{3CEF9F32-5887-4977-AB8A-1BBC48875A21}.Release|x86.ActiveCfg = Release|Any CPU
		{3CEF9F32-5887-4977-AB8A-1BBC48875A21}.Release|x86.Build.0 = Release|Any CPU
		{8797AFCA-1EE8-4270-8FC4-F93A85F9C825}.Debug|Any CPU.ActiveCfg = Debug|Any CPU
		{8797AFCA-1EE8-4270-8FC4-F93A85F9C825}.Debug|Any CPU.Build.0 = Debug|Any CPU
		{8797AFCA-1EE8-4270-8FC4-F93A85F9C825}.Debug|x64.ActiveCfg = Debug|Any CPU
		{8797AFCA-1EE8-4270-8FC4-F93A85F9C825}.Debug|x64.Build.0 = Debug|Any CPU
		{8797AFCA-1EE8-4270-8FC4-F93A85F9C825}.Debug|x86.ActiveCfg = Debug|Any CPU
		{8797AFCA-1EE8-4270-8FC4-F93A85F9C825}.Debug|x86.Build.0 = Debug|Any CPU
		{8797AFCA-1EE8-4270-8FC4-F93A85F9C825}.Release|Any CPU.ActiveCfg = Release|Any CPU
		{8797AFCA-1EE8-4270-8FC4-F93A85F9C825}.Release|Any CPU.Build.0 = Release|Any CPU
		{8797AFCA-1EE8-4270-8FC4-F93A85F9C825}.Release|x64.ActiveCfg = Release|Any CPU
		{8797AFCA-1EE8-4270-8FC4-F93A85F9C825}.Release|x64.Build.0 = Release|Any CPU
		{8797AFCA-1EE8-4270-8FC4-F93A85F9C825}.Release|x86.ActiveCfg = Release|Any CPU
		{8797AFCA-1EE8-4270-8FC4-F93A85F9C825}.Release|x86.Build.0 = Release|Any CPU
		{78D2B20D-B173-4CF2-A763-F2AA5347947E}.Debug|Any CPU.ActiveCfg = Debug|Any CPU
		{78D2B20D-B173-4CF2-A763-F2AA5347947E}.Debug|Any CPU.Build.0 = Debug|Any CPU
		{78D2B20D-B173-4CF2-A763-F2AA5347947E}.Debug|x64.ActiveCfg = Debug|Any CPU
		{78D2B20D-B173-4CF2-A763-F2AA5347947E}.Debug|x64.Build.0 = Debug|Any CPU
		{78D2B20D-B173-4CF2-A763-F2AA5347947E}.Debug|x86.ActiveCfg = Debug|Any CPU
		{78D2B20D-B173-4CF2-A763-F2AA5347947E}.Debug|x86.Build.0 = Debug|Any CPU
		{78D2B20D-B173-4CF2-A763-F2AA5347947E}.Release|Any CPU.ActiveCfg = Release|Any CPU
		{78D2B20D-B173-4CF2-A763-F2AA5347947E}.Release|Any CPU.Build.0 = Release|Any CPU
		{78D2B20D-B173-4CF2-A763-F2AA5347947E}.Release|x64.ActiveCfg = Release|Any CPU
		{78D2B20D-B173-4CF2-A763-F2AA5347947E}.Release|x64.Build.0 = Release|Any CPU
		{78D2B20D-B173-4CF2-A763-F2AA5347947E}.Release|x86.ActiveCfg = Release|Any CPU
		{78D2B20D-B173-4CF2-A763-F2AA5347947E}.Release|x86.Build.0 = Release|Any CPU
		{C0BA460C-C1AC-4C54-9C88-60E4B8681E94}.Debug|Any CPU.ActiveCfg = Debug|Any CPU
		{C0BA460C-C1AC-4C54-9C88-60E4B8681E94}.Debug|Any CPU.Build.0 = Debug|Any CPU
		{C0BA460C-C1AC-4C54-9C88-60E4B8681E94}.Debug|x64.ActiveCfg = Debug|Any CPU
		{C0BA460C-C1AC-4C54-9C88-60E4B8681E94}.Debug|x64.Build.0 = Debug|Any CPU
		{C0BA460C-C1AC-4C54-9C88-60E4B8681E94}.Debug|x86.ActiveCfg = Debug|Any CPU
		{C0BA460C-C1AC-4C54-9C88-60E4B8681E94}.Debug|x86.Build.0 = Debug|Any CPU
		{C0BA460C-C1AC-4C54-9C88-60E4B8681E94}.Release|Any CPU.ActiveCfg = Release|Any CPU
		{C0BA460C-C1AC-4C54-9C88-60E4B8681E94}.Release|Any CPU.Build.0 = Release|Any CPU
		{C0BA460C-C1AC-4C54-9C88-60E4B8681E94}.Release|x64.ActiveCfg = Release|Any CPU
		{C0BA460C-C1AC-4C54-9C88-60E4B8681E94}.Release|x64.Build.0 = Release|Any CPU
		{C0BA460C-C1AC-4C54-9C88-60E4B8681E94}.Release|x86.ActiveCfg = Release|Any CPU
		{C0BA460C-C1AC-4C54-9C88-60E4B8681E94}.Release|x86.Build.0 = Release|Any CPU
		{5889B0C9-50E5-4FDC-933B-8684B9FAB8E4}.Debug|Any CPU.ActiveCfg = Debug|Any CPU
		{5889B0C9-50E5-4FDC-933B-8684B9FAB8E4}.Debug|Any CPU.Build.0 = Debug|Any CPU
		{5889B0C9-50E5-4FDC-933B-8684B9FAB8E4}.Debug|x64.ActiveCfg = Debug|Any CPU
		{5889B0C9-50E5-4FDC-933B-8684B9FAB8E4}.Debug|x64.Build.0 = Debug|Any CPU
		{5889B0C9-50E5-4FDC-933B-8684B9FAB8E4}.Debug|x86.ActiveCfg = Debug|Any CPU
		{5889B0C9-50E5-4FDC-933B-8684B9FAB8E4}.Debug|x86.Build.0 = Debug|Any CPU
		{5889B0C9-50E5-4FDC-933B-8684B9FAB8E4}.Release|Any CPU.ActiveCfg = Release|Any CPU
		{5889B0C9-50E5-4FDC-933B-8684B9FAB8E4}.Release|Any CPU.Build.0 = Release|Any CPU
		{5889B0C9-50E5-4FDC-933B-8684B9FAB8E4}.Release|x64.ActiveCfg = Release|Any CPU
		{5889B0C9-50E5-4FDC-933B-8684B9FAB8E4}.Release|x64.Build.0 = Release|Any CPU
		{5889B0C9-50E5-4FDC-933B-8684B9FAB8E4}.Release|x86.ActiveCfg = Release|Any CPU
		{5889B0C9-50E5-4FDC-933B-8684B9FAB8E4}.Release|x86.Build.0 = Release|Any CPU
		{8BE0F92F-F353-4D63-9C6F-50D4A0BB7FAB}.Debug|Any CPU.ActiveCfg = Debug|Any CPU
		{8BE0F92F-F353-4D63-9C6F-50D4A0BB7FAB}.Debug|Any CPU.Build.0 = Debug|Any CPU
		{8BE0F92F-F353-4D63-9C6F-50D4A0BB7FAB}.Debug|x64.ActiveCfg = Debug|Any CPU
		{8BE0F92F-F353-4D63-9C6F-50D4A0BB7FAB}.Debug|x64.Build.0 = Debug|Any CPU
		{8BE0F92F-F353-4D63-9C6F-50D4A0BB7FAB}.Debug|x86.ActiveCfg = Debug|Any CPU
		{8BE0F92F-F353-4D63-9C6F-50D4A0BB7FAB}.Debug|x86.Build.0 = Debug|Any CPU
		{8BE0F92F-F353-4D63-9C6F-50D4A0BB7FAB}.Release|Any CPU.ActiveCfg = Release|Any CPU
		{8BE0F92F-F353-4D63-9C6F-50D4A0BB7FAB}.Release|Any CPU.Build.0 = Release|Any CPU
		{8BE0F92F-F353-4D63-9C6F-50D4A0BB7FAB}.Release|x64.ActiveCfg = Release|Any CPU
		{8BE0F92F-F353-4D63-9C6F-50D4A0BB7FAB}.Release|x64.Build.0 = Release|Any CPU
		{8BE0F92F-F353-4D63-9C6F-50D4A0BB7FAB}.Release|x86.ActiveCfg = Release|Any CPU
		{8BE0F92F-F353-4D63-9C6F-50D4A0BB7FAB}.Release|x86.Build.0 = Release|Any CPU
		{0CDA2765-C9DF-45EE-A099-0E2D4A980E59}.Debug|Any CPU.ActiveCfg = Debug|Any CPU
		{0CDA2765-C9DF-45EE-A099-0E2D4A980E59}.Debug|Any CPU.Build.0 = Debug|Any CPU
		{0CDA2765-C9DF-45EE-A099-0E2D4A980E59}.Debug|x64.ActiveCfg = Debug|Any CPU
		{0CDA2765-C9DF-45EE-A099-0E2D4A980E59}.Debug|x64.Build.0 = Debug|Any CPU
		{0CDA2765-C9DF-45EE-A099-0E2D4A980E59}.Debug|x86.ActiveCfg = Debug|Any CPU
		{0CDA2765-C9DF-45EE-A099-0E2D4A980E59}.Debug|x86.Build.0 = Debug|Any CPU
		{0CDA2765-C9DF-45EE-A099-0E2D4A980E59}.Release|Any CPU.ActiveCfg = Release|Any CPU
		{0CDA2765-C9DF-45EE-A099-0E2D4A980E59}.Release|Any CPU.Build.0 = Release|Any CPU
		{0CDA2765-C9DF-45EE-A099-0E2D4A980E59}.Release|x64.ActiveCfg = Release|Any CPU
		{0CDA2765-C9DF-45EE-A099-0E2D4A980E59}.Release|x64.Build.0 = Release|Any CPU
		{0CDA2765-C9DF-45EE-A099-0E2D4A980E59}.Release|x86.ActiveCfg = Release|Any CPU
		{0CDA2765-C9DF-45EE-A099-0E2D4A980E59}.Release|x86.Build.0 = Release|Any CPU
		{F934B760-4847-4BA8-9F6A-7F750ECF2328}.Debug|Any CPU.ActiveCfg = Debug|Any CPU
		{F934B760-4847-4BA8-9F6A-7F750ECF2328}.Debug|Any CPU.Build.0 = Debug|Any CPU
		{F934B760-4847-4BA8-9F6A-7F750ECF2328}.Debug|x64.ActiveCfg = Debug|Any CPU
		{F934B760-4847-4BA8-9F6A-7F750ECF2328}.Debug|x64.Build.0 = Debug|Any CPU
		{F934B760-4847-4BA8-9F6A-7F750ECF2328}.Debug|x86.ActiveCfg = Debug|Any CPU
		{F934B760-4847-4BA8-9F6A-7F750ECF2328}.Debug|x86.Build.0 = Debug|Any CPU
		{F934B760-4847-4BA8-9F6A-7F750ECF2328}.Release|Any CPU.ActiveCfg = Release|Any CPU
		{F934B760-4847-4BA8-9F6A-7F750ECF2328}.Release|Any CPU.Build.0 = Release|Any CPU
		{F934B760-4847-4BA8-9F6A-7F750ECF2328}.Release|x64.ActiveCfg = Release|Any CPU
		{F934B760-4847-4BA8-9F6A-7F750ECF2328}.Release|x64.Build.0 = Release|Any CPU
		{F934B760-4847-4BA8-9F6A-7F750ECF2328}.Release|x86.ActiveCfg = Release|Any CPU
		{F934B760-4847-4BA8-9F6A-7F750ECF2328}.Release|x86.Build.0 = Release|Any CPU
		{2DC38785-B7B6-49E9-84D4-103A56D3604A}.Debug|Any CPU.ActiveCfg = Debug|Any CPU
		{2DC38785-B7B6-49E9-84D4-103A56D3604A}.Debug|Any CPU.Build.0 = Debug|Any CPU
		{2DC38785-B7B6-49E9-84D4-103A56D3604A}.Debug|x64.ActiveCfg = Debug|Any CPU
		{2DC38785-B7B6-49E9-84D4-103A56D3604A}.Debug|x64.Build.0 = Debug|Any CPU
		{2DC38785-B7B6-49E9-84D4-103A56D3604A}.Debug|x86.ActiveCfg = Debug|Any CPU
		{2DC38785-B7B6-49E9-84D4-103A56D3604A}.Debug|x86.Build.0 = Debug|Any CPU
		{2DC38785-B7B6-49E9-84D4-103A56D3604A}.Release|Any CPU.ActiveCfg = Release|Any CPU
		{2DC38785-B7B6-49E9-84D4-103A56D3604A}.Release|Any CPU.Build.0 = Release|Any CPU
		{2DC38785-B7B6-49E9-84D4-103A56D3604A}.Release|x64.ActiveCfg = Release|Any CPU
		{2DC38785-B7B6-49E9-84D4-103A56D3604A}.Release|x64.Build.0 = Release|Any CPU
		{2DC38785-B7B6-49E9-84D4-103A56D3604A}.Release|x86.ActiveCfg = Release|Any CPU
		{2DC38785-B7B6-49E9-84D4-103A56D3604A}.Release|x86.Build.0 = Release|Any CPU
		{263CD320-FAC5-4F0C-8FFB-788DD3C455D4}.Debug|Any CPU.ActiveCfg = Debug|Any CPU
		{263CD320-FAC5-4F0C-8FFB-788DD3C455D4}.Debug|Any CPU.Build.0 = Debug|Any CPU
		{263CD320-FAC5-4F0C-8FFB-788DD3C455D4}.Debug|x64.ActiveCfg = Debug|Any CPU
		{263CD320-FAC5-4F0C-8FFB-788DD3C455D4}.Debug|x64.Build.0 = Debug|Any CPU
		{263CD320-FAC5-4F0C-8FFB-788DD3C455D4}.Debug|x86.ActiveCfg = Debug|Any CPU
		{263CD320-FAC5-4F0C-8FFB-788DD3C455D4}.Debug|x86.Build.0 = Debug|Any CPU
		{263CD320-FAC5-4F0C-8FFB-788DD3C455D4}.Release|Any CPU.ActiveCfg = Release|Any CPU
		{263CD320-FAC5-4F0C-8FFB-788DD3C455D4}.Release|Any CPU.Build.0 = Release|Any CPU
		{263CD320-FAC5-4F0C-8FFB-788DD3C455D4}.Release|x64.ActiveCfg = Release|Any CPU
		{263CD320-FAC5-4F0C-8FFB-788DD3C455D4}.Release|x64.Build.0 = Release|Any CPU
		{263CD320-FAC5-4F0C-8FFB-788DD3C455D4}.Release|x86.ActiveCfg = Release|Any CPU
		{263CD320-FAC5-4F0C-8FFB-788DD3C455D4}.Release|x86.Build.0 = Release|Any CPU
		{D1E1AEDC-4870-4863-A8D3-B6A184E651C1}.Debug|Any CPU.ActiveCfg = Debug|Any CPU
		{D1E1AEDC-4870-4863-A8D3-B6A184E651C1}.Debug|Any CPU.Build.0 = Debug|Any CPU
		{D1E1AEDC-4870-4863-A8D3-B6A184E651C1}.Debug|x64.ActiveCfg = Debug|Any CPU
		{D1E1AEDC-4870-4863-A8D3-B6A184E651C1}.Debug|x64.Build.0 = Debug|Any CPU
		{D1E1AEDC-4870-4863-A8D3-B6A184E651C1}.Debug|x86.ActiveCfg = Debug|Any CPU
		{D1E1AEDC-4870-4863-A8D3-B6A184E651C1}.Debug|x86.Build.0 = Debug|Any CPU
		{D1E1AEDC-4870-4863-A8D3-B6A184E651C1}.Release|Any CPU.ActiveCfg = Release|Any CPU
		{D1E1AEDC-4870-4863-A8D3-B6A184E651C1}.Release|Any CPU.Build.0 = Release|Any CPU
		{D1E1AEDC-4870-4863-A8D3-B6A184E651C1}.Release|x64.ActiveCfg = Release|Any CPU
		{D1E1AEDC-4870-4863-A8D3-B6A184E651C1}.Release|x64.Build.0 = Release|Any CPU
		{D1E1AEDC-4870-4863-A8D3-B6A184E651C1}.Release|x86.ActiveCfg = Release|Any CPU
		{D1E1AEDC-4870-4863-A8D3-B6A184E651C1}.Release|x86.Build.0 = Release|Any CPU
		{7DD1722B-B971-4322-BA74-C622E808B84D}.Debug|Any CPU.ActiveCfg = Debug|Any CPU
		{7DD1722B-B971-4322-BA74-C622E808B84D}.Debug|Any CPU.Build.0 = Debug|Any CPU
		{7DD1722B-B971-4322-BA74-C622E808B84D}.Debug|x64.ActiveCfg = Debug|Any CPU
		{7DD1722B-B971-4322-BA74-C622E808B84D}.Debug|x64.Build.0 = Debug|Any CPU
		{7DD1722B-B971-4322-BA74-C622E808B84D}.Debug|x86.ActiveCfg = Debug|Any CPU
		{7DD1722B-B971-4322-BA74-C622E808B84D}.Debug|x86.Build.0 = Debug|Any CPU
		{7DD1722B-B971-4322-BA74-C622E808B84D}.Release|Any CPU.ActiveCfg = Release|Any CPU
		{7DD1722B-B971-4322-BA74-C622E808B84D}.Release|Any CPU.Build.0 = Release|Any CPU
		{7DD1722B-B971-4322-BA74-C622E808B84D}.Release|x64.ActiveCfg = Release|Any CPU
		{7DD1722B-B971-4322-BA74-C622E808B84D}.Release|x64.Build.0 = Release|Any CPU
		{7DD1722B-B971-4322-BA74-C622E808B84D}.Release|x86.ActiveCfg = Release|Any CPU
		{7DD1722B-B971-4322-BA74-C622E808B84D}.Release|x86.Build.0 = Release|Any CPU
		{A4C90265-C922-4145-8CDC-82EC5EBBC3A4}.Debug|Any CPU.ActiveCfg = Debug|Any CPU
		{A4C90265-C922-4145-8CDC-82EC5EBBC3A4}.Debug|Any CPU.Build.0 = Debug|Any CPU
		{A4C90265-C922-4145-8CDC-82EC5EBBC3A4}.Debug|x64.ActiveCfg = Debug|Any CPU
		{A4C90265-C922-4145-8CDC-82EC5EBBC3A4}.Debug|x64.Build.0 = Debug|Any CPU
		{A4C90265-C922-4145-8CDC-82EC5EBBC3A4}.Debug|x86.ActiveCfg = Debug|Any CPU
		{A4C90265-C922-4145-8CDC-82EC5EBBC3A4}.Debug|x86.Build.0 = Debug|Any CPU
		{A4C90265-C922-4145-8CDC-82EC5EBBC3A4}.Release|Any CPU.ActiveCfg = Release|Any CPU
		{A4C90265-C922-4145-8CDC-82EC5EBBC3A4}.Release|Any CPU.Build.0 = Release|Any CPU
		{A4C90265-C922-4145-8CDC-82EC5EBBC3A4}.Release|x64.ActiveCfg = Release|Any CPU
		{A4C90265-C922-4145-8CDC-82EC5EBBC3A4}.Release|x64.Build.0 = Release|Any CPU
		{A4C90265-C922-4145-8CDC-82EC5EBBC3A4}.Release|x86.ActiveCfg = Release|Any CPU
		{A4C90265-C922-4145-8CDC-82EC5EBBC3A4}.Release|x86.Build.0 = Release|Any CPU
		{ADF569DC-E916-4F39-8ABF-8AA42F69266E}.Debug|Any CPU.ActiveCfg = Debug|Any CPU
		{ADF569DC-E916-4F39-8ABF-8AA42F69266E}.Debug|Any CPU.Build.0 = Debug|Any CPU
		{ADF569DC-E916-4F39-8ABF-8AA42F69266E}.Debug|x64.ActiveCfg = Debug|Any CPU
		{ADF569DC-E916-4F39-8ABF-8AA42F69266E}.Debug|x64.Build.0 = Debug|Any CPU
		{ADF569DC-E916-4F39-8ABF-8AA42F69266E}.Debug|x86.ActiveCfg = Debug|Any CPU
		{ADF569DC-E916-4F39-8ABF-8AA42F69266E}.Debug|x86.Build.0 = Debug|Any CPU
		{ADF569DC-E916-4F39-8ABF-8AA42F69266E}.Release|Any CPU.ActiveCfg = Release|Any CPU
		{ADF569DC-E916-4F39-8ABF-8AA42F69266E}.Release|Any CPU.Build.0 = Release|Any CPU
		{ADF569DC-E916-4F39-8ABF-8AA42F69266E}.Release|x64.ActiveCfg = Release|Any CPU
		{ADF569DC-E916-4F39-8ABF-8AA42F69266E}.Release|x64.Build.0 = Release|Any CPU
		{ADF569DC-E916-4F39-8ABF-8AA42F69266E}.Release|x86.ActiveCfg = Release|Any CPU
		{ADF569DC-E916-4F39-8ABF-8AA42F69266E}.Release|x86.Build.0 = Release|Any CPU
		{DFC13FA1-509C-42AF-870F-543C7A3F231B}.Debug|Any CPU.ActiveCfg = Debug|Any CPU
		{DFC13FA1-509C-42AF-870F-543C7A3F231B}.Debug|Any CPU.Build.0 = Debug|Any CPU
		{DFC13FA1-509C-42AF-870F-543C7A3F231B}.Debug|x64.ActiveCfg = Debug|Any CPU
		{DFC13FA1-509C-42AF-870F-543C7A3F231B}.Debug|x64.Build.0 = Debug|Any CPU
		{DFC13FA1-509C-42AF-870F-543C7A3F231B}.Debug|x86.ActiveCfg = Debug|Any CPU
		{DFC13FA1-509C-42AF-870F-543C7A3F231B}.Debug|x86.Build.0 = Debug|Any CPU
		{DFC13FA1-509C-42AF-870F-543C7A3F231B}.Release|Any CPU.ActiveCfg = Release|Any CPU
		{DFC13FA1-509C-42AF-870F-543C7A3F231B}.Release|Any CPU.Build.0 = Release|Any CPU
		{DFC13FA1-509C-42AF-870F-543C7A3F231B}.Release|x64.ActiveCfg = Release|Any CPU
		{DFC13FA1-509C-42AF-870F-543C7A3F231B}.Release|x64.Build.0 = Release|Any CPU
		{DFC13FA1-509C-42AF-870F-543C7A3F231B}.Release|x86.ActiveCfg = Release|Any CPU
		{DFC13FA1-509C-42AF-870F-543C7A3F231B}.Release|x86.Build.0 = Release|Any CPU
		{2573526D-A764-4507-B2F6-1A2BF7A3FA93}.Debug|Any CPU.ActiveCfg = Debug|Any CPU
		{2573526D-A764-4507-B2F6-1A2BF7A3FA93}.Debug|Any CPU.Build.0 = Debug|Any CPU
		{2573526D-A764-4507-B2F6-1A2BF7A3FA93}.Debug|x64.ActiveCfg = Debug|Any CPU
		{2573526D-A764-4507-B2F6-1A2BF7A3FA93}.Debug|x64.Build.0 = Debug|Any CPU
		{2573526D-A764-4507-B2F6-1A2BF7A3FA93}.Debug|x86.ActiveCfg = Debug|Any CPU
		{2573526D-A764-4507-B2F6-1A2BF7A3FA93}.Debug|x86.Build.0 = Debug|Any CPU
		{2573526D-A764-4507-B2F6-1A2BF7A3FA93}.Release|Any CPU.ActiveCfg = Release|Any CPU
		{2573526D-A764-4507-B2F6-1A2BF7A3FA93}.Release|Any CPU.Build.0 = Release|Any CPU
		{2573526D-A764-4507-B2F6-1A2BF7A3FA93}.Release|x64.ActiveCfg = Release|Any CPU
		{2573526D-A764-4507-B2F6-1A2BF7A3FA93}.Release|x64.Build.0 = Release|Any CPU
		{2573526D-A764-4507-B2F6-1A2BF7A3FA93}.Release|x86.ActiveCfg = Release|Any CPU
		{2573526D-A764-4507-B2F6-1A2BF7A3FA93}.Release|x86.Build.0 = Release|Any CPU
		{6842C9FD-6720-43EA-83AD-DE315531DDA9}.Debug|Any CPU.ActiveCfg = Debug|Any CPU
		{6842C9FD-6720-43EA-83AD-DE315531DDA9}.Debug|Any CPU.Build.0 = Debug|Any CPU
		{6842C9FD-6720-43EA-83AD-DE315531DDA9}.Debug|x64.ActiveCfg = Debug|Any CPU
		{6842C9FD-6720-43EA-83AD-DE315531DDA9}.Debug|x64.Build.0 = Debug|Any CPU
		{6842C9FD-6720-43EA-83AD-DE315531DDA9}.Debug|x86.ActiveCfg = Debug|Any CPU
		{6842C9FD-6720-43EA-83AD-DE315531DDA9}.Debug|x86.Build.0 = Debug|Any CPU
		{6842C9FD-6720-43EA-83AD-DE315531DDA9}.Release|Any CPU.ActiveCfg = Release|Any CPU
		{6842C9FD-6720-43EA-83AD-DE315531DDA9}.Release|Any CPU.Build.0 = Release|Any CPU
		{6842C9FD-6720-43EA-83AD-DE315531DDA9}.Release|x64.ActiveCfg = Release|Any CPU
		{6842C9FD-6720-43EA-83AD-DE315531DDA9}.Release|x64.Build.0 = Release|Any CPU
		{6842C9FD-6720-43EA-83AD-DE315531DDA9}.Release|x86.ActiveCfg = Release|Any CPU
		{6842C9FD-6720-43EA-83AD-DE315531DDA9}.Release|x86.Build.0 = Release|Any CPU
		{5DBEE6E0-8744-46E4-B711-8FEC98D41A50}.Debug|Any CPU.ActiveCfg = Debug|Any CPU
		{5DBEE6E0-8744-46E4-B711-8FEC98D41A50}.Debug|Any CPU.Build.0 = Debug|Any CPU
		{5DBEE6E0-8744-46E4-B711-8FEC98D41A50}.Debug|x64.ActiveCfg = Debug|Any CPU
		{5DBEE6E0-8744-46E4-B711-8FEC98D41A50}.Debug|x64.Build.0 = Debug|Any CPU
		{5DBEE6E0-8744-46E4-B711-8FEC98D41A50}.Debug|x86.ActiveCfg = Debug|Any CPU
		{5DBEE6E0-8744-46E4-B711-8FEC98D41A50}.Debug|x86.Build.0 = Debug|Any CPU
		{5DBEE6E0-8744-46E4-B711-8FEC98D41A50}.Release|Any CPU.ActiveCfg = Release|Any CPU
		{5DBEE6E0-8744-46E4-B711-8FEC98D41A50}.Release|Any CPU.Build.0 = Release|Any CPU
		{5DBEE6E0-8744-46E4-B711-8FEC98D41A50}.Release|x64.ActiveCfg = Release|Any CPU
		{5DBEE6E0-8744-46E4-B711-8FEC98D41A50}.Release|x64.Build.0 = Release|Any CPU
		{5DBEE6E0-8744-46E4-B711-8FEC98D41A50}.Release|x86.ActiveCfg = Release|Any CPU
		{5DBEE6E0-8744-46E4-B711-8FEC98D41A50}.Release|x86.Build.0 = Release|Any CPU
		{BF78F36A-D072-4F1C-89B1-73D9C208ABB3}.Debug|Any CPU.ActiveCfg = Debug|Any CPU
		{BF78F36A-D072-4F1C-89B1-73D9C208ABB3}.Debug|Any CPU.Build.0 = Debug|Any CPU
		{BF78F36A-D072-4F1C-89B1-73D9C208ABB3}.Debug|x64.ActiveCfg = Debug|Any CPU
		{BF78F36A-D072-4F1C-89B1-73D9C208ABB3}.Debug|x64.Build.0 = Debug|Any CPU
		{BF78F36A-D072-4F1C-89B1-73D9C208ABB3}.Debug|x86.ActiveCfg = Debug|Any CPU
		{BF78F36A-D072-4F1C-89B1-73D9C208ABB3}.Debug|x86.Build.0 = Debug|Any CPU
		{BF78F36A-D072-4F1C-89B1-73D9C208ABB3}.Release|Any CPU.ActiveCfg = Release|Any CPU
		{BF78F36A-D072-4F1C-89B1-73D9C208ABB3}.Release|Any CPU.Build.0 = Release|Any CPU
		{BF78F36A-D072-4F1C-89B1-73D9C208ABB3}.Release|x64.ActiveCfg = Release|Any CPU
		{BF78F36A-D072-4F1C-89B1-73D9C208ABB3}.Release|x64.Build.0 = Release|Any CPU
		{BF78F36A-D072-4F1C-89B1-73D9C208ABB3}.Release|x86.ActiveCfg = Release|Any CPU
		{BF78F36A-D072-4F1C-89B1-73D9C208ABB3}.Release|x86.Build.0 = Release|Any CPU
		{4BE54BD4-E561-4951-88F1-4DF09C3C3AB9}.Debug|Any CPU.ActiveCfg = Debug|Any CPU
		{4BE54BD4-E561-4951-88F1-4DF09C3C3AB9}.Debug|Any CPU.Build.0 = Debug|Any CPU
		{4BE54BD4-E561-4951-88F1-4DF09C3C3AB9}.Debug|x64.ActiveCfg = Debug|Any CPU
		{4BE54BD4-E561-4951-88F1-4DF09C3C3AB9}.Debug|x64.Build.0 = Debug|Any CPU
		{4BE54BD4-E561-4951-88F1-4DF09C3C3AB9}.Debug|x86.ActiveCfg = Debug|Any CPU
		{4BE54BD4-E561-4951-88F1-4DF09C3C3AB9}.Debug|x86.Build.0 = Debug|Any CPU
		{4BE54BD4-E561-4951-88F1-4DF09C3C3AB9}.Release|Any CPU.ActiveCfg = Release|Any CPU
		{4BE54BD4-E561-4951-88F1-4DF09C3C3AB9}.Release|Any CPU.Build.0 = Release|Any CPU
		{4BE54BD4-E561-4951-88F1-4DF09C3C3AB9}.Release|x64.ActiveCfg = Release|Any CPU
		{4BE54BD4-E561-4951-88F1-4DF09C3C3AB9}.Release|x64.Build.0 = Release|Any CPU
		{4BE54BD4-E561-4951-88F1-4DF09C3C3AB9}.Release|x86.ActiveCfg = Release|Any CPU
		{4BE54BD4-E561-4951-88F1-4DF09C3C3AB9}.Release|x86.Build.0 = Release|Any CPU
		{40E1EB3E-0CAE-45B1-B146-C7C8B3865C65}.Debug|Any CPU.ActiveCfg = Debug|Any CPU
		{40E1EB3E-0CAE-45B1-B146-C7C8B3865C65}.Debug|Any CPU.Build.0 = Debug|Any CPU
		{40E1EB3E-0CAE-45B1-B146-C7C8B3865C65}.Debug|x64.ActiveCfg = Debug|Any CPU
		{40E1EB3E-0CAE-45B1-B146-C7C8B3865C65}.Debug|x64.Build.0 = Debug|Any CPU
		{40E1EB3E-0CAE-45B1-B146-C7C8B3865C65}.Debug|x86.ActiveCfg = Debug|Any CPU
		{40E1EB3E-0CAE-45B1-B146-C7C8B3865C65}.Debug|x86.Build.0 = Debug|Any CPU
		{40E1EB3E-0CAE-45B1-B146-C7C8B3865C65}.Release|Any CPU.ActiveCfg = Release|Any CPU
		{40E1EB3E-0CAE-45B1-B146-C7C8B3865C65}.Release|Any CPU.Build.0 = Release|Any CPU
		{40E1EB3E-0CAE-45B1-B146-C7C8B3865C65}.Release|x64.ActiveCfg = Release|Any CPU
		{40E1EB3E-0CAE-45B1-B146-C7C8B3865C65}.Release|x64.Build.0 = Release|Any CPU
		{40E1EB3E-0CAE-45B1-B146-C7C8B3865C65}.Release|x86.ActiveCfg = Release|Any CPU
		{40E1EB3E-0CAE-45B1-B146-C7C8B3865C65}.Release|x86.Build.0 = Release|Any CPU
		{CE0C0288-E0A3-4B06-B05F-CCBFFC4E7BF6}.Debug|Any CPU.ActiveCfg = Debug|Any CPU
		{CE0C0288-E0A3-4B06-B05F-CCBFFC4E7BF6}.Debug|Any CPU.Build.0 = Debug|Any CPU
		{CE0C0288-E0A3-4B06-B05F-CCBFFC4E7BF6}.Debug|x64.ActiveCfg = Debug|Any CPU
		{CE0C0288-E0A3-4B06-B05F-CCBFFC4E7BF6}.Debug|x64.Build.0 = Debug|Any CPU
		{CE0C0288-E0A3-4B06-B05F-CCBFFC4E7BF6}.Debug|x86.ActiveCfg = Debug|Any CPU
		{CE0C0288-E0A3-4B06-B05F-CCBFFC4E7BF6}.Debug|x86.Build.0 = Debug|Any CPU
		{CE0C0288-E0A3-4B06-B05F-CCBFFC4E7BF6}.Release|Any CPU.ActiveCfg = Release|Any CPU
		{CE0C0288-E0A3-4B06-B05F-CCBFFC4E7BF6}.Release|Any CPU.Build.0 = Release|Any CPU
		{CE0C0288-E0A3-4B06-B05F-CCBFFC4E7BF6}.Release|x64.ActiveCfg = Release|Any CPU
		{CE0C0288-E0A3-4B06-B05F-CCBFFC4E7BF6}.Release|x64.Build.0 = Release|Any CPU
		{CE0C0288-E0A3-4B06-B05F-CCBFFC4E7BF6}.Release|x86.ActiveCfg = Release|Any CPU
		{CE0C0288-E0A3-4B06-B05F-CCBFFC4E7BF6}.Release|x86.Build.0 = Release|Any CPU
		{D5519A45-AD22-41DB-ADDA-589C3E7D6C0D}.Debug|Any CPU.ActiveCfg = Debug|Any CPU
		{D5519A45-AD22-41DB-ADDA-589C3E7D6C0D}.Debug|Any CPU.Build.0 = Debug|Any CPU
		{D5519A45-AD22-41DB-ADDA-589C3E7D6C0D}.Debug|x64.ActiveCfg = Debug|Any CPU
		{D5519A45-AD22-41DB-ADDA-589C3E7D6C0D}.Debug|x64.Build.0 = Debug|Any CPU
		{D5519A45-AD22-41DB-ADDA-589C3E7D6C0D}.Debug|x86.ActiveCfg = Debug|Any CPU
		{D5519A45-AD22-41DB-ADDA-589C3E7D6C0D}.Debug|x86.Build.0 = Debug|Any CPU
		{D5519A45-AD22-41DB-ADDA-589C3E7D6C0D}.Release|Any CPU.ActiveCfg = Release|Any CPU
		{D5519A45-AD22-41DB-ADDA-589C3E7D6C0D}.Release|Any CPU.Build.0 = Release|Any CPU
		{D5519A45-AD22-41DB-ADDA-589C3E7D6C0D}.Release|x64.ActiveCfg = Release|Any CPU
		{D5519A45-AD22-41DB-ADDA-589C3E7D6C0D}.Release|x64.Build.0 = Release|Any CPU
		{D5519A45-AD22-41DB-ADDA-589C3E7D6C0D}.Release|x86.ActiveCfg = Release|Any CPU
		{D5519A45-AD22-41DB-ADDA-589C3E7D6C0D}.Release|x86.Build.0 = Release|Any CPU
		{704EA4BF-71D9-442B-96D9-9B3E81068CC2}.Debug|Any CPU.ActiveCfg = Debug|Any CPU
		{704EA4BF-71D9-442B-96D9-9B3E81068CC2}.Debug|Any CPU.Build.0 = Debug|Any CPU
		{704EA4BF-71D9-442B-96D9-9B3E81068CC2}.Debug|x64.ActiveCfg = Debug|Any CPU
		{704EA4BF-71D9-442B-96D9-9B3E81068CC2}.Debug|x64.Build.0 = Debug|Any CPU
		{704EA4BF-71D9-442B-96D9-9B3E81068CC2}.Debug|x86.ActiveCfg = Debug|Any CPU
		{704EA4BF-71D9-442B-96D9-9B3E81068CC2}.Debug|x86.Build.0 = Debug|Any CPU
		{704EA4BF-71D9-442B-96D9-9B3E81068CC2}.Release|Any CPU.ActiveCfg = Release|Any CPU
		{704EA4BF-71D9-442B-96D9-9B3E81068CC2}.Release|Any CPU.Build.0 = Release|Any CPU
		{704EA4BF-71D9-442B-96D9-9B3E81068CC2}.Release|x64.ActiveCfg = Release|Any CPU
		{704EA4BF-71D9-442B-96D9-9B3E81068CC2}.Release|x64.Build.0 = Release|Any CPU
		{704EA4BF-71D9-442B-96D9-9B3E81068CC2}.Release|x86.ActiveCfg = Release|Any CPU
		{704EA4BF-71D9-442B-96D9-9B3E81068CC2}.Release|x86.Build.0 = Release|Any CPU
		{3549E707-E4B0-428F-9CF4-5B5B86219B6D}.Debug|Any CPU.ActiveCfg = Debug|Any CPU
		{3549E707-E4B0-428F-9CF4-5B5B86219B6D}.Debug|Any CPU.Build.0 = Debug|Any CPU
		{3549E707-E4B0-428F-9CF4-5B5B86219B6D}.Debug|x64.ActiveCfg = Debug|Any CPU
		{3549E707-E4B0-428F-9CF4-5B5B86219B6D}.Debug|x64.Build.0 = Debug|Any CPU
		{3549E707-E4B0-428F-9CF4-5B5B86219B6D}.Debug|x86.ActiveCfg = Debug|Any CPU
		{3549E707-E4B0-428F-9CF4-5B5B86219B6D}.Debug|x86.Build.0 = Debug|Any CPU
		{3549E707-E4B0-428F-9CF4-5B5B86219B6D}.Release|Any CPU.ActiveCfg = Release|Any CPU
		{3549E707-E4B0-428F-9CF4-5B5B86219B6D}.Release|Any CPU.Build.0 = Release|Any CPU
		{3549E707-E4B0-428F-9CF4-5B5B86219B6D}.Release|x64.ActiveCfg = Release|Any CPU
		{3549E707-E4B0-428F-9CF4-5B5B86219B6D}.Release|x64.Build.0 = Release|Any CPU
		{3549E707-E4B0-428F-9CF4-5B5B86219B6D}.Release|x86.ActiveCfg = Release|Any CPU
		{3549E707-E4B0-428F-9CF4-5B5B86219B6D}.Release|x86.Build.0 = Release|Any CPU
		{1EA2BACF-3D44-4B05-A0E7-727AE13E693D}.Debug|Any CPU.ActiveCfg = Debug|Any CPU
		{1EA2BACF-3D44-4B05-A0E7-727AE13E693D}.Debug|Any CPU.Build.0 = Debug|Any CPU
		{1EA2BACF-3D44-4B05-A0E7-727AE13E693D}.Debug|x64.ActiveCfg = Debug|Any CPU
		{1EA2BACF-3D44-4B05-A0E7-727AE13E693D}.Debug|x64.Build.0 = Debug|Any CPU
		{1EA2BACF-3D44-4B05-A0E7-727AE13E693D}.Debug|x86.ActiveCfg = Debug|Any CPU
		{1EA2BACF-3D44-4B05-A0E7-727AE13E693D}.Debug|x86.Build.0 = Debug|Any CPU
		{1EA2BACF-3D44-4B05-A0E7-727AE13E693D}.Release|Any CPU.ActiveCfg = Release|Any CPU
		{1EA2BACF-3D44-4B05-A0E7-727AE13E693D}.Release|Any CPU.Build.0 = Release|Any CPU
		{1EA2BACF-3D44-4B05-A0E7-727AE13E693D}.Release|x64.ActiveCfg = Release|Any CPU
		{1EA2BACF-3D44-4B05-A0E7-727AE13E693D}.Release|x64.Build.0 = Release|Any CPU
		{1EA2BACF-3D44-4B05-A0E7-727AE13E693D}.Release|x86.ActiveCfg = Release|Any CPU
		{1EA2BACF-3D44-4B05-A0E7-727AE13E693D}.Release|x86.Build.0 = Release|Any CPU
		{D815817F-CC0D-42CC-9C9C-8E229B9C03A8}.Debug|Any CPU.ActiveCfg = Debug|Any CPU
		{D815817F-CC0D-42CC-9C9C-8E229B9C03A8}.Debug|Any CPU.Build.0 = Debug|Any CPU
		{D815817F-CC0D-42CC-9C9C-8E229B9C03A8}.Debug|x64.ActiveCfg = Debug|Any CPU
		{D815817F-CC0D-42CC-9C9C-8E229B9C03A8}.Debug|x64.Build.0 = Debug|Any CPU
		{D815817F-CC0D-42CC-9C9C-8E229B9C03A8}.Debug|x86.ActiveCfg = Debug|Any CPU
		{D815817F-CC0D-42CC-9C9C-8E229B9C03A8}.Debug|x86.Build.0 = Debug|Any CPU
		{D815817F-CC0D-42CC-9C9C-8E229B9C03A8}.Release|Any CPU.ActiveCfg = Release|Any CPU
		{D815817F-CC0D-42CC-9C9C-8E229B9C03A8}.Release|Any CPU.Build.0 = Release|Any CPU
		{D815817F-CC0D-42CC-9C9C-8E229B9C03A8}.Release|x64.ActiveCfg = Release|Any CPU
		{D815817F-CC0D-42CC-9C9C-8E229B9C03A8}.Release|x64.Build.0 = Release|Any CPU
		{D815817F-CC0D-42CC-9C9C-8E229B9C03A8}.Release|x86.ActiveCfg = Release|Any CPU
		{D815817F-CC0D-42CC-9C9C-8E229B9C03A8}.Release|x86.Build.0 = Release|Any CPU
		{FAB78955-5E1F-4E6D-A79B-F85D8D18BDF4}.Debug|Any CPU.ActiveCfg = Debug|Any CPU
		{FAB78955-5E1F-4E6D-A79B-F85D8D18BDF4}.Debug|Any CPU.Build.0 = Debug|Any CPU
		{FAB78955-5E1F-4E6D-A79B-F85D8D18BDF4}.Debug|x64.ActiveCfg = Debug|Any CPU
		{FAB78955-5E1F-4E6D-A79B-F85D8D18BDF4}.Debug|x64.Build.0 = Debug|Any CPU
		{FAB78955-5E1F-4E6D-A79B-F85D8D18BDF4}.Debug|x86.ActiveCfg = Debug|Any CPU
		{FAB78955-5E1F-4E6D-A79B-F85D8D18BDF4}.Debug|x86.Build.0 = Debug|Any CPU
		{FAB78955-5E1F-4E6D-A79B-F85D8D18BDF4}.Release|Any CPU.ActiveCfg = Release|Any CPU
		{FAB78955-5E1F-4E6D-A79B-F85D8D18BDF4}.Release|Any CPU.Build.0 = Release|Any CPU
		{FAB78955-5E1F-4E6D-A79B-F85D8D18BDF4}.Release|x64.ActiveCfg = Release|Any CPU
		{FAB78955-5E1F-4E6D-A79B-F85D8D18BDF4}.Release|x64.Build.0 = Release|Any CPU
		{FAB78955-5E1F-4E6D-A79B-F85D8D18BDF4}.Release|x86.ActiveCfg = Release|Any CPU
		{FAB78955-5E1F-4E6D-A79B-F85D8D18BDF4}.Release|x86.Build.0 = Release|Any CPU
		{F47ED576-F347-44C4-BEC7-6C00A500555A}.Debug|Any CPU.ActiveCfg = Debug|Any CPU
		{F47ED576-F347-44C4-BEC7-6C00A500555A}.Debug|Any CPU.Build.0 = Debug|Any CPU
		{F47ED576-F347-44C4-BEC7-6C00A500555A}.Debug|x64.ActiveCfg = Debug|Any CPU
		{F47ED576-F347-44C4-BEC7-6C00A500555A}.Debug|x64.Build.0 = Debug|Any CPU
		{F47ED576-F347-44C4-BEC7-6C00A500555A}.Debug|x86.ActiveCfg = Debug|Any CPU
		{F47ED576-F347-44C4-BEC7-6C00A500555A}.Debug|x86.Build.0 = Debug|Any CPU
		{F47ED576-F347-44C4-BEC7-6C00A500555A}.Release|Any CPU.ActiveCfg = Release|Any CPU
		{F47ED576-F347-44C4-BEC7-6C00A500555A}.Release|Any CPU.Build.0 = Release|Any CPU
		{F47ED576-F347-44C4-BEC7-6C00A500555A}.Release|x64.ActiveCfg = Release|Any CPU
		{F47ED576-F347-44C4-BEC7-6C00A500555A}.Release|x64.Build.0 = Release|Any CPU
		{F47ED576-F347-44C4-BEC7-6C00A500555A}.Release|x86.ActiveCfg = Release|Any CPU
		{F47ED576-F347-44C4-BEC7-6C00A500555A}.Release|x86.Build.0 = Release|Any CPU
		{F55E52BD-A846-4808-9482-E4AB0921328D}.Debug|Any CPU.ActiveCfg = Debug|Any CPU
		{F55E52BD-A846-4808-9482-E4AB0921328D}.Debug|Any CPU.Build.0 = Debug|Any CPU
		{F55E52BD-A846-4808-9482-E4AB0921328D}.Debug|x64.ActiveCfg = Debug|Any CPU
		{F55E52BD-A846-4808-9482-E4AB0921328D}.Debug|x64.Build.0 = Debug|Any CPU
		{F55E52BD-A846-4808-9482-E4AB0921328D}.Debug|x86.ActiveCfg = Debug|Any CPU
		{F55E52BD-A846-4808-9482-E4AB0921328D}.Debug|x86.Build.0 = Debug|Any CPU
		{F55E52BD-A846-4808-9482-E4AB0921328D}.Release|Any CPU.ActiveCfg = Release|Any CPU
		{F55E52BD-A846-4808-9482-E4AB0921328D}.Release|Any CPU.Build.0 = Release|Any CPU
		{F55E52BD-A846-4808-9482-E4AB0921328D}.Release|x64.ActiveCfg = Release|Any CPU
		{F55E52BD-A846-4808-9482-E4AB0921328D}.Release|x64.Build.0 = Release|Any CPU
		{F55E52BD-A846-4808-9482-E4AB0921328D}.Release|x86.ActiveCfg = Release|Any CPU
		{F55E52BD-A846-4808-9482-E4AB0921328D}.Release|x86.Build.0 = Release|Any CPU
		{7C7B19F2-5822-4DA2-80D2-E077CE705039}.Debug|Any CPU.ActiveCfg = Debug|Any CPU
		{7C7B19F2-5822-4DA2-80D2-E077CE705039}.Debug|Any CPU.Build.0 = Debug|Any CPU
		{7C7B19F2-5822-4DA2-80D2-E077CE705039}.Debug|x64.ActiveCfg = Debug|Any CPU
		{7C7B19F2-5822-4DA2-80D2-E077CE705039}.Debug|x64.Build.0 = Debug|Any CPU
		{7C7B19F2-5822-4DA2-80D2-E077CE705039}.Debug|x86.ActiveCfg = Debug|Any CPU
		{7C7B19F2-5822-4DA2-80D2-E077CE705039}.Debug|x86.Build.0 = Debug|Any CPU
		{7C7B19F2-5822-4DA2-80D2-E077CE705039}.Release|Any CPU.ActiveCfg = Release|Any CPU
		{7C7B19F2-5822-4DA2-80D2-E077CE705039}.Release|Any CPU.Build.0 = Release|Any CPU
		{7C7B19F2-5822-4DA2-80D2-E077CE705039}.Release|x64.ActiveCfg = Release|Any CPU
		{7C7B19F2-5822-4DA2-80D2-E077CE705039}.Release|x64.Build.0 = Release|Any CPU
		{7C7B19F2-5822-4DA2-80D2-E077CE705039}.Release|x86.ActiveCfg = Release|Any CPU
		{7C7B19F2-5822-4DA2-80D2-E077CE705039}.Release|x86.Build.0 = Release|Any CPU
		{3A7712FC-9A91-4322-AF7E-4FEC6EB0D845}.Debug|Any CPU.ActiveCfg = Debug|Any CPU
		{3A7712FC-9A91-4322-AF7E-4FEC6EB0D845}.Debug|Any CPU.Build.0 = Debug|Any CPU
		{3A7712FC-9A91-4322-AF7E-4FEC6EB0D845}.Debug|x64.ActiveCfg = Debug|Any CPU
		{3A7712FC-9A91-4322-AF7E-4FEC6EB0D845}.Debug|x64.Build.0 = Debug|Any CPU
		{3A7712FC-9A91-4322-AF7E-4FEC6EB0D845}.Debug|x86.ActiveCfg = Debug|Any CPU
		{3A7712FC-9A91-4322-AF7E-4FEC6EB0D845}.Debug|x86.Build.0 = Debug|Any CPU
		{3A7712FC-9A91-4322-AF7E-4FEC6EB0D845}.Release|Any CPU.ActiveCfg = Release|Any CPU
		{3A7712FC-9A91-4322-AF7E-4FEC6EB0D845}.Release|Any CPU.Build.0 = Release|Any CPU
		{3A7712FC-9A91-4322-AF7E-4FEC6EB0D845}.Release|x64.ActiveCfg = Release|Any CPU
		{3A7712FC-9A91-4322-AF7E-4FEC6EB0D845}.Release|x64.Build.0 = Release|Any CPU
		{3A7712FC-9A91-4322-AF7E-4FEC6EB0D845}.Release|x86.ActiveCfg = Release|Any CPU
		{3A7712FC-9A91-4322-AF7E-4FEC6EB0D845}.Release|x86.Build.0 = Release|Any CPU
		{D5B3DA06-E60D-4C85-8835-6A26003365AA}.Debug|Any CPU.ActiveCfg = Debug|Any CPU
		{D5B3DA06-E60D-4C85-8835-6A26003365AA}.Debug|Any CPU.Build.0 = Debug|Any CPU
		{D5B3DA06-E60D-4C85-8835-6A26003365AA}.Debug|x64.ActiveCfg = Debug|Any CPU
		{D5B3DA06-E60D-4C85-8835-6A26003365AA}.Debug|x64.Build.0 = Debug|Any CPU
		{D5B3DA06-E60D-4C85-8835-6A26003365AA}.Debug|x86.ActiveCfg = Debug|Any CPU
		{D5B3DA06-E60D-4C85-8835-6A26003365AA}.Debug|x86.Build.0 = Debug|Any CPU
		{D5B3DA06-E60D-4C85-8835-6A26003365AA}.Release|Any CPU.ActiveCfg = Release|Any CPU
		{D5B3DA06-E60D-4C85-8835-6A26003365AA}.Release|Any CPU.Build.0 = Release|Any CPU
		{D5B3DA06-E60D-4C85-8835-6A26003365AA}.Release|x64.ActiveCfg = Release|Any CPU
		{D5B3DA06-E60D-4C85-8835-6A26003365AA}.Release|x64.Build.0 = Release|Any CPU
		{D5B3DA06-E60D-4C85-8835-6A26003365AA}.Release|x86.ActiveCfg = Release|Any CPU
		{D5B3DA06-E60D-4C85-8835-6A26003365AA}.Release|x86.Build.0 = Release|Any CPU
		{2837A894-11D6-4DBF-B140-84C97C385A15}.Debug|Any CPU.ActiveCfg = Debug|Any CPU
		{2837A894-11D6-4DBF-B140-84C97C385A15}.Debug|Any CPU.Build.0 = Debug|Any CPU
		{2837A894-11D6-4DBF-B140-84C97C385A15}.Debug|x64.ActiveCfg = Debug|Any CPU
		{2837A894-11D6-4DBF-B140-84C97C385A15}.Debug|x64.Build.0 = Debug|Any CPU
		{2837A894-11D6-4DBF-B140-84C97C385A15}.Debug|x86.ActiveCfg = Debug|Any CPU
		{2837A894-11D6-4DBF-B140-84C97C385A15}.Debug|x86.Build.0 = Debug|Any CPU
		{2837A894-11D6-4DBF-B140-84C97C385A15}.Release|Any CPU.ActiveCfg = Release|Any CPU
		{2837A894-11D6-4DBF-B140-84C97C385A15}.Release|Any CPU.Build.0 = Release|Any CPU
		{2837A894-11D6-4DBF-B140-84C97C385A15}.Release|x64.ActiveCfg = Release|Any CPU
		{2837A894-11D6-4DBF-B140-84C97C385A15}.Release|x64.Build.0 = Release|Any CPU
		{2837A894-11D6-4DBF-B140-84C97C385A15}.Release|x86.ActiveCfg = Release|Any CPU
		{2837A894-11D6-4DBF-B140-84C97C385A15}.Release|x86.Build.0 = Release|Any CPU
	EndGlobalSection
	GlobalSection(SolutionProperties) = preSolution
		HideSolutionNode = FALSE
	EndGlobalSection
	GlobalSection(NestedProjects) = preSolution
		{2D251CFD-A9DA-421F-B516-B25873348C08} = {471CA3C0-0BC9-4C0C-A013-D9356DBD0F38}
		{00D7FBF0-801B-4B0E-9FDD-5C367E71444B} = {69958BAA-5D54-4F3F-82D6-F622F9491057}
		{98E964A2-55DA-4740-9F2E-B64FDF6715DB} = {69958BAA-5D54-4F3F-82D6-F622F9491057}
		{FFBDDBE3-3E51-4CE6-BDF6-04AB66FFF658} = {98E964A2-55DA-4740-9F2E-B64FDF6715DB}
		{F2937B44-20B4-4E74-B5F5-99AF465424F3} = {98E964A2-55DA-4740-9F2E-B64FDF6715DB}
		{D71D858B-35AF-452F-926F-873DDD990B27} = {98E964A2-55DA-4740-9F2E-B64FDF6715DB}
		{B9C61145-C010-4FAA-B9EA-4D1AEE20305F} = {98E964A2-55DA-4740-9F2E-B64FDF6715DB}
		{4FDB7710-F4CA-45FB-9514-A4D288EDA44A} = {98E964A2-55DA-4740-9F2E-B64FDF6715DB}
		{CC37B369-BA9E-4B82-A14D-68B58924885D} = {98E964A2-55DA-4740-9F2E-B64FDF6715DB}
		{50F86C8F-E052-448C-84CE-08763945FCC7} = {98E964A2-55DA-4740-9F2E-B64FDF6715DB}
		{3CEF9F32-5887-4977-AB8A-1BBC48875A21} = {98E964A2-55DA-4740-9F2E-B64FDF6715DB}
		{8797AFCA-1EE8-4270-8FC4-F93A85F9C825} = {98E964A2-55DA-4740-9F2E-B64FDF6715DB}
		{78D2B20D-B173-4CF2-A763-F2AA5347947E} = {98E964A2-55DA-4740-9F2E-B64FDF6715DB}
		{C0BA460C-C1AC-4C54-9C88-60E4B8681E94} = {98E964A2-55DA-4740-9F2E-B64FDF6715DB}
		{5889B0C9-50E5-4FDC-933B-8684B9FAB8E4} = {98E964A2-55DA-4740-9F2E-B64FDF6715DB}
		{8BE0F92F-F353-4D63-9C6F-50D4A0BB7FAB} = {98E964A2-55DA-4740-9F2E-B64FDF6715DB}
		{0CDA2765-C9DF-45EE-A099-0E2D4A980E59} = {98E964A2-55DA-4740-9F2E-B64FDF6715DB}
		{F934B760-4847-4BA8-9F6A-7F750ECF2328} = {610E8065-1F29-41E8-A3FC-07ABDF16C8BB}
		{2DC38785-B7B6-49E9-84D4-103A56D3604A} = {610E8065-1F29-41E8-A3FC-07ABDF16C8BB}
		{610E8065-1F29-41E8-A3FC-07ABDF16C8BB} = {F49FFE3B-E1AE-483E-951F-D498F6ABA08E}
		{263CD320-FAC5-4F0C-8FFB-788DD3C455D4} = {471CA3C0-0BC9-4C0C-A013-D9356DBD0F38}
		{DD87D202-998B-4C20-8D68-C769797D7761} = {F49FFE3B-E1AE-483E-951F-D498F6ABA08E}
		{D1E1AEDC-4870-4863-A8D3-B6A184E651C1} = {DD87D202-998B-4C20-8D68-C769797D7761}
		{7DD1722B-B971-4322-BA74-C622E808B84D} = {DD87D202-998B-4C20-8D68-C769797D7761}
		{A4C90265-C922-4145-8CDC-82EC5EBBC3A4} = {DD87D202-998B-4C20-8D68-C769797D7761}
		{ADF569DC-E916-4F39-8ABF-8AA42F69266E} = {DD87D202-998B-4C20-8D68-C769797D7761}
		{3B0C6936-E777-4413-B68A-1686A768F928} = {F49FFE3B-E1AE-483E-951F-D498F6ABA08E}
		{DFC13FA1-509C-42AF-870F-543C7A3F231B} = {3B0C6936-E777-4413-B68A-1686A768F928}
		{2573526D-A764-4507-B2F6-1A2BF7A3FA93} = {3B0C6936-E777-4413-B68A-1686A768F928}
		{6842C9FD-6720-43EA-83AD-DE315531DDA9} = {3B0C6936-E777-4413-B68A-1686A768F928}
		{D17C19AC-EC11-4661-BD23-DC8308CF71C0} = {F49FFE3B-E1AE-483E-951F-D498F6ABA08E}
		{5DBEE6E0-8744-46E4-B711-8FEC98D41A50} = {D17C19AC-EC11-4661-BD23-DC8308CF71C0}
		{BF78F36A-D072-4F1C-89B1-73D9C208ABB3} = {D17C19AC-EC11-4661-BD23-DC8308CF71C0}
		{4BE54BD4-E561-4951-88F1-4DF09C3C3AB9} = {D17C19AC-EC11-4661-BD23-DC8308CF71C0}
		{40E1EB3E-0CAE-45B1-B146-C7C8B3865C65} = {D17C19AC-EC11-4661-BD23-DC8308CF71C0}
		{CE0C0288-E0A3-4B06-B05F-CCBFFC4E7BF6} = {98E964A2-55DA-4740-9F2E-B64FDF6715DB}
		{D5519A45-AD22-41DB-ADDA-589C3E7D6C0D} = {98E964A2-55DA-4740-9F2E-B64FDF6715DB}
		{704EA4BF-71D9-442B-96D9-9B3E81068CC2} = {98E964A2-55DA-4740-9F2E-B64FDF6715DB}
		{3549E707-E4B0-428F-9CF4-5B5B86219B6D} = {98E964A2-55DA-4740-9F2E-B64FDF6715DB}
		{1EA2BACF-3D44-4B05-A0E7-727AE13E693D} = {98E964A2-55DA-4740-9F2E-B64FDF6715DB}
		{07E0093F-F05C-4AED-A489-1254C9854E21} = {F49FFE3B-E1AE-483E-951F-D498F6ABA08E}
		{D815817F-CC0D-42CC-9C9C-8E229B9C03A8} = {07E0093F-F05C-4AED-A489-1254C9854E21}
		{FAB78955-5E1F-4E6D-A79B-F85D8D18BDF4} = {07E0093F-F05C-4AED-A489-1254C9854E21}
		{F47ED576-F347-44C4-BEC7-6C00A500555A} = {98E964A2-55DA-4740-9F2E-B64FDF6715DB}
		{F55E52BD-A846-4808-9482-E4AB0921328D} = {98E964A2-55DA-4740-9F2E-B64FDF6715DB}
		{7C7B19F2-5822-4DA2-80D2-E077CE705039} = {98E964A2-55DA-4740-9F2E-B64FDF6715DB}
		{3A7712FC-9A91-4322-AF7E-4FEC6EB0D845} = {98E964A2-55DA-4740-9F2E-B64FDF6715DB}
		{D5B3DA06-E60D-4C85-8835-6A26003365AA} = {98E964A2-55DA-4740-9F2E-B64FDF6715DB}
		{2837A894-11D6-4DBF-B140-84C97C385A15} = {98E964A2-55DA-4740-9F2E-B64FDF6715DB}
	EndGlobalSection
	GlobalSection(ExtensibilityGlobals) = postSolution
		SolutionGuid = {B1AF41DC-A03E-47B1-BBDB-3DC27ABD9F74}
	EndGlobalSection
EndGlobal
