
Microsoft Visual Studio Solution File, Format Version 12.00
# Visual Studio 15
VisualStudioVersion = 15.0.26124.0
MinimumVisualStudioVersion = 15.0.26124.0
Project("{2150E333-8FDC-42A3-9474-1A3956D46DE8}") = "src", "src", "{B5482134-5EA9-46C8-96AA-C58004682D31}"
EndProject
Project("{9A19103F-16F7-4668-BE54-9A1E7A4F7556}") = "Loader", "src\Loader\Loader.csproj", "{7DF57067-1C6F-4445-A974-ADE9369BA818}"
EndProject
Project("{2150E333-8FDC-42A3-9474-1A3956D46DE8}") = "test", "test", "{18BD9EBA-7D12-4DDB-B27C-6164F4ADAB14}"
EndProject
Project("{9A19103F-16F7-4668-BE54-9A1E7A4F7556}") = "Loader.Tests", "test\Loader.Tests\Loader.Tests.csproj", "{D9BBE8B9-55DC-4B18-96C1-1A690E35A68C}"
EndProject
Project("{2150E333-8FDC-42A3-9474-1A3956D46DE8}") = "TestProjects", "TestProjects", "{BE9D2625-0846-4537-83FA-B6FB89F16E9D}"
EndProject
Project("{9A19103F-16F7-4668-BE54-9A1E7A4F7556}") = "NetCoreApp20App", "test\TestProjects\NetCoreApp20App\NetCoreApp20App.csproj", "{384C378C-0DFE-45C1-83D0-44CFB0340795}"
EndProject
Project("{9A19103F-16F7-4668-BE54-9A1E7A4F7556}") = "NetStandardClassLib", "test\TestProjects\NetStandardClassLib\NetStandardClassLib.csproj", "{437749F4-01FF-4BFC-BF91-334631A94F90}"
EndProject
Project("{9A19103F-16F7-4668-BE54-9A1E7A4F7556}") = "Loader.Extensions", "src\Loader.Extensions\Loader.Extensions.csproj", "{442D5D69-5102-46B1-AD70-EFA5B107333F}"
EndProject
Project("{9A19103F-16F7-4668-BE54-9A1E7A4F7556}") = "JsonNet10", "test\TestProjects\JsonNet10\JsonNet10.csproj", "{5CE1F2D9-C1DE-466C-8358-A6BE3ECA4AB6}"
EndProject
Project("{9A19103F-16F7-4668-BE54-9A1E7A4F7556}") = "JsonNet11", "test\TestProjects\JsonNet11\JsonNet11.csproj", "{0C63F67A-DC82-41DF-A14D-3E2619BA3C76}"
EndProject
Project("{9A19103F-16F7-4668-BE54-9A1E7A4F7556}") = "JsonNet9", "test\TestProjects\JsonNet9\JsonNet9.csproj", "{DF758016-FAD1-4C84-AE0F-E948678CF70E}"
EndProject
Project("{9A19103F-16F7-4668-BE54-9A1E7A4F7556}") = "XunitSample", "test\TestProjects\XunitSample\XunitSample.csproj", "{83E2B9C9-8FF7-4346-A3DE-CF5FB4059E0E}"
EndProject
Project("{9A19103F-16F7-4668-BE54-9A1E7A4F7556}") = "ReferencedLibv1", "test\TestProjects\ReferencedLibv1\ReferencedLibv1.csproj", "{DF952FBE-C2C9-4378-AEEE-C58A891B7C7C}"
EndProject
Project("{9A19103F-16F7-4668-BE54-9A1E7A4F7556}") = "ReferencedLibv2", "test\TestProjects\ReferencedLibv2\ReferencedLibv2.csproj", "{4C4B43EF-4A0D-42DE-A04F-C9E85302E7ED}"
EndProject
Global
	GlobalSection(SolutionConfigurationPlatforms) = preSolution
		Debug|Any CPU = Debug|Any CPU
		Release|Any CPU = Release|Any CPU
	EndGlobalSection
	GlobalSection(ProjectConfigurationPlatforms) = postSolution
		{7DF57067-1C6F-4445-A974-ADE9369BA818}.Debug|Any CPU.ActiveCfg = Debug|Any CPU
		{7DF57067-1C6F-4445-A974-ADE9369BA818}.Debug|Any CPU.Build.0 = Debug|Any CPU
		{7DF57067-1C6F-4445-A974-ADE9369BA818}.Release|Any CPU.ActiveCfg = Release|Any CPU
		{7DF57067-1C6F-4445-A974-ADE9369BA818}.Release|Any CPU.Build.0 = Release|Any CPU
		{D9BBE8B9-55DC-4B18-96C1-1A690E35A68C}.Debug|Any CPU.ActiveCfg = Debug|Any CPU
		{D9BBE8B9-55DC-4B18-96C1-1A690E35A68C}.Debug|Any CPU.Build.0 = Debug|Any CPU
		{D9BBE8B9-55DC-4B18-96C1-1A690E35A68C}.Release|Any CPU.ActiveCfg = Release|Any CPU
		{D9BBE8B9-55DC-4B18-96C1-1A690E35A68C}.Release|Any CPU.Build.0 = Release|Any CPU
		{384C378C-0DFE-45C1-83D0-44CFB0340795}.Debug|Any CPU.ActiveCfg = Debug|Any CPU
		{384C378C-0DFE-45C1-83D0-44CFB0340795}.Debug|Any CPU.Build.0 = Debug|Any CPU
		{384C378C-0DFE-45C1-83D0-44CFB0340795}.Release|Any CPU.ActiveCfg = Release|Any CPU
		{384C378C-0DFE-45C1-83D0-44CFB0340795}.Release|Any CPU.Build.0 = Release|Any CPU
		{437749F4-01FF-4BFC-BF91-334631A94F90}.Debug|Any CPU.ActiveCfg = Debug|Any CPU
		{437749F4-01FF-4BFC-BF91-334631A94F90}.Debug|Any CPU.Build.0 = Debug|Any CPU
		{437749F4-01FF-4BFC-BF91-334631A94F90}.Release|Any CPU.ActiveCfg = Release|Any CPU
		{437749F4-01FF-4BFC-BF91-334631A94F90}.Release|Any CPU.Build.0 = Release|Any CPU
		{442D5D69-5102-46B1-AD70-EFA5B107333F}.Debug|Any CPU.ActiveCfg = Debug|Any CPU
		{442D5D69-5102-46B1-AD70-EFA5B107333F}.Debug|Any CPU.Build.0 = Debug|Any CPU
		{442D5D69-5102-46B1-AD70-EFA5B107333F}.Release|Any CPU.ActiveCfg = Release|Any CPU
		{442D5D69-5102-46B1-AD70-EFA5B107333F}.Release|Any CPU.Build.0 = Release|Any CPU
		{5CE1F2D9-C1DE-466C-8358-A6BE3ECA4AB6}.Debug|Any CPU.ActiveCfg = Debug|Any CPU
		{5CE1F2D9-C1DE-466C-8358-A6BE3ECA4AB6}.Debug|Any CPU.Build.0 = Debug|Any CPU
		{5CE1F2D9-C1DE-466C-8358-A6BE3ECA4AB6}.Release|Any CPU.ActiveCfg = Release|Any CPU
		{5CE1F2D9-C1DE-466C-8358-A6BE3ECA4AB6}.Release|Any CPU.Build.0 = Release|Any CPU
		{0C63F67A-DC82-41DF-A14D-3E2619BA3C76}.Debug|Any CPU.ActiveCfg = Debug|Any CPU
		{0C63F67A-DC82-41DF-A14D-3E2619BA3C76}.Debug|Any CPU.Build.0 = Debug|Any CPU
		{0C63F67A-DC82-41DF-A14D-3E2619BA3C76}.Release|Any CPU.ActiveCfg = Release|Any CPU
		{0C63F67A-DC82-41DF-A14D-3E2619BA3C76}.Release|Any CPU.Build.0 = Release|Any CPU
		{DF758016-FAD1-4C84-AE0F-E948678CF70E}.Debug|Any CPU.ActiveCfg = Debug|Any CPU
		{DF758016-FAD1-4C84-AE0F-E948678CF70E}.Debug|Any CPU.Build.0 = Debug|Any CPU
		{DF758016-FAD1-4C84-AE0F-E948678CF70E}.Release|Any CPU.ActiveCfg = Release|Any CPU
		{DF758016-FAD1-4C84-AE0F-E948678CF70E}.Release|Any CPU.Build.0 = Release|Any CPU
		{83E2B9C9-8FF7-4346-A3DE-CF5FB4059E0E}.Debug|Any CPU.ActiveCfg = Debug|Any CPU
		{83E2B9C9-8FF7-4346-A3DE-CF5FB4059E0E}.Debug|Any CPU.Build.0 = Debug|Any CPU
		{83E2B9C9-8FF7-4346-A3DE-CF5FB4059E0E}.Release|Any CPU.ActiveCfg = Release|Any CPU
		{83E2B9C9-8FF7-4346-A3DE-CF5FB4059E0E}.Release|Any CPU.Build.0 = Release|Any CPU
		{DF952FBE-C2C9-4378-AEEE-C58A891B7C7C}.Debug|Any CPU.ActiveCfg = Debug|Any CPU
		{DF952FBE-C2C9-4378-AEEE-C58A891B7C7C}.Debug|Any CPU.Build.0 = Debug|Any CPU
		{DF952FBE-C2C9-4378-AEEE-C58A891B7C7C}.Release|Any CPU.ActiveCfg = Release|Any CPU
		{DF952FBE-C2C9-4378-AEEE-C58A891B7C7C}.Release|Any CPU.Build.0 = Release|Any CPU
		{4C4B43EF-4A0D-42DE-A04F-C9E85302E7ED}.Debug|Any CPU.ActiveCfg = Debug|Any CPU
		{4C4B43EF-4A0D-42DE-A04F-C9E85302E7ED}.Debug|Any CPU.Build.0 = Debug|Any CPU
		{4C4B43EF-4A0D-42DE-A04F-C9E85302E7ED}.Release|Any CPU.ActiveCfg = Release|Any CPU
		{4C4B43EF-4A0D-42DE-A04F-C9E85302E7ED}.Release|Any CPU.Build.0 = Release|Any CPU
	EndGlobalSection
	GlobalSection(SolutionProperties) = preSolution
		HideSolutionNode = FALSE
	EndGlobalSection
	GlobalSection(NestedProjects) = preSolution
		{7DF57067-1C6F-4445-A974-ADE9369BA818} = {B5482134-5EA9-46C8-96AA-C58004682D31}
		{D9BBE8B9-55DC-4B18-96C1-1A690E35A68C} = {18BD9EBA-7D12-4DDB-B27C-6164F4ADAB14}
		{BE9D2625-0846-4537-83FA-B6FB89F16E9D} = {18BD9EBA-7D12-4DDB-B27C-6164F4ADAB14}
		{384C378C-0DFE-45C1-83D0-44CFB0340795} = {BE9D2625-0846-4537-83FA-B6FB89F16E9D}
		{437749F4-01FF-4BFC-BF91-334631A94F90} = {BE9D2625-0846-4537-83FA-B6FB89F16E9D}
		{442D5D69-5102-46B1-AD70-EFA5B107333F} = {B5482134-5EA9-46C8-96AA-C58004682D31}
		{5CE1F2D9-C1DE-466C-8358-A6BE3ECA4AB6} = {BE9D2625-0846-4537-83FA-B6FB89F16E9D}
		{0C63F67A-DC82-41DF-A14D-3E2619BA3C76} = {BE9D2625-0846-4537-83FA-B6FB89F16E9D}
		{DF758016-FAD1-4C84-AE0F-E948678CF70E} = {BE9D2625-0846-4537-83FA-B6FB89F16E9D}
		{83E2B9C9-8FF7-4346-A3DE-CF5FB4059E0E} = {BE9D2625-0846-4537-83FA-B6FB89F16E9D}
		{DF952FBE-C2C9-4378-AEEE-C58A891B7C7C} = {BE9D2625-0846-4537-83FA-B6FB89F16E9D}
		{4C4B43EF-4A0D-42DE-A04F-C9E85302E7ED} = {BE9D2625-0846-4537-83FA-B6FB89F16E9D}
	EndGlobalSection
	GlobalSection(ExtensibilityGlobals) = postSolution
		SolutionGuid = {B27CB0D3-AECF-40AB-9B60-AE7741459A8E}
	EndGlobalSection
EndGlobal
