
Microsoft Visual Studio Solution File, Format Version 12.00
# Visual Studio 15
VisualStudioVersion = 15.0.26124.0
MinimumVisualStudioVersion = 15.0.26124.0
Project("{2150E333-8FDC-42A3-9474-1A3956D46DE8}") = "src", "src", "{B5482134-5EA9-46C8-96AA-C58004682D31}"
EndProject
Project("{FAE04EC0-301F-11D3-BF4B-00C04F79EFBC}") = "LoadContext", "src\LoadContext\LoadContext.csproj", "{7DF57067-1C6F-4445-A974-ADE9369BA818}"
EndProject
Project("{2150E333-8FDC-42A3-9474-1A3956D46DE8}") = "test", "test", "{18BD9EBA-7D12-4DDB-B27C-6164F4ADAB14}"
EndProject
Project("{FAE04EC0-301F-11D3-BF4B-00C04F79EFBC}") = "LoadContext.Tests", "test\LoadContext.Tests\LoadContext.Tests.csproj", "{D9BBE8B9-55DC-4B18-96C1-1A690E35A68C}"
EndProject
Global
	GlobalSection(SolutionConfigurationPlatforms) = preSolution
		Debug|Any CPU = Debug|Any CPU
		Debug|x64 = Debug|x64
		Debug|x86 = Debug|x86
		Release|Any CPU = Release|Any CPU
		Release|x64 = Release|x64
		Release|x86 = Release|x86
	EndGlobalSection
	GlobalSection(SolutionProperties) = preSolution
		HideSolutionNode = FALSE
	EndGlobalSection
	GlobalSection(ProjectConfigurationPlatforms) = postSolution
		{7DF57067-1C6F-4445-A974-ADE9369BA818}.Debug|Any CPU.ActiveCfg = Debug|Any CPU
		{7DF57067-1C6F-4445-A974-ADE9369BA818}.Debug|Any CPU.Build.0 = Debug|Any CPU
		{7DF57067-1C6F-4445-A974-ADE9369BA818}.Debug|x64.ActiveCfg = Debug|x64
		{7DF57067-1C6F-4445-A974-ADE9369BA818}.Debug|x64.Build.0 = Debug|x64
		{7DF57067-1C6F-4445-A974-ADE9369BA818}.Debug|x86.ActiveCfg = Debug|x86
		{7DF57067-1C6F-4445-A974-ADE9369BA818}.Debug|x86.Build.0 = Debug|x86
		{7DF57067-1C6F-4445-A974-ADE9369BA818}.Release|Any CPU.ActiveCfg = Release|Any CPU
		{7DF57067-1C6F-4445-A974-ADE9369BA818}.Release|Any CPU.Build.0 = Release|Any CPU
		{7DF57067-1C6F-4445-A974-ADE9369BA818}.Release|x64.ActiveCfg = Release|x64
		{7DF57067-1C6F-4445-A974-ADE9369BA818}.Release|x64.Build.0 = Release|x64
		{7DF57067-1C6F-4445-A974-ADE9369BA818}.Release|x86.ActiveCfg = Release|x86
		{7DF57067-1C6F-4445-A974-ADE9369BA818}.Release|x86.Build.0 = Release|x86
		{D9BBE8B9-55DC-4B18-96C1-1A690E35A68C}.Debug|Any CPU.ActiveCfg = Debug|Any CPU
		{D9BBE8B9-55DC-4B18-96C1-1A690E35A68C}.Debug|Any CPU.Build.0 = Debug|Any CPU
		{D9BBE8B9-55DC-4B18-96C1-1A690E35A68C}.Debug|x64.ActiveCfg = Debug|x64
		{D9BBE8B9-55DC-4B18-96C1-1A690E35A68C}.Debug|x64.Build.0 = Debug|x64
		{D9BBE8B9-55DC-4B18-96C1-1A690E35A68C}.Debug|x86.ActiveCfg = Debug|x86
		{D9BBE8B9-55DC-4B18-96C1-1A690E35A68C}.Debug|x86.Build.0 = Debug|x86
		{D9BBE8B9-55DC-4B18-96C1-1A690E35A68C}.Release|Any CPU.ActiveCfg = Release|Any CPU
		{D9BBE8B9-55DC-4B18-96C1-1A690E35A68C}.Release|Any CPU.Build.0 = Release|Any CPU
		{D9BBE8B9-55DC-4B18-96C1-1A690E35A68C}.Release|x64.ActiveCfg = Release|x64
		{D9BBE8B9-55DC-4B18-96C1-1A690E35A68C}.Release|x64.Build.0 = Release|x64
		{D9BBE8B9-55DC-4B18-96C1-1A690E35A68C}.Release|x86.ActiveCfg = Release|x86
		{D9BBE8B9-55DC-4B18-96C1-1A690E35A68C}.Release|x86.Build.0 = Release|x86
	EndGlobalSection
	GlobalSection(NestedProjects) = preSolution
		{7DF57067-1C6F-4445-A974-ADE9369BA818} = {B5482134-5EA9-46C8-96AA-C58004682D31}
		{D9BBE8B9-55DC-4B18-96C1-1A690E35A68C} = {18BD9EBA-7D12-4DDB-B27C-6164F4ADAB14}
	EndGlobalSection
EndGlobal
