
Microsoft Visual Studio Solution File, Format Version 12.00
# Visual Studio 15
VisualStudioVersion = 15.0.28307.757
MinimumVisualStudioVersion = 10.0.40219.1
Project("{FAE04EC0-301F-11D3-BF4B-00C04F79EFBC}") = "ElasticSearchTest", "ElasticSearchTest\ElasticSearchTest.csproj", "{31FDF664-B1D4-444A-87BC-2C39F7076187}"
EndProject
Project("{E53339B2-1760-4266-BCC7-CA923CBCF16C}") = "docker-compose", "docker-compose.dcproj", "{5A51BC4A-935E-4B8F-BC45-8D76C86266B8}"
EndProject
Global
	GlobalSection(SolutionConfigurationPlatforms) = preSolution
		Debug|Any CPU = Debug|Any CPU
		Release|Any CPU = Release|Any CPU
	EndGlobalSection
	GlobalSection(ProjectConfigurationPlatforms) = postSolution
		{31FDF664-B1D4-444A-87BC-2C39F7076187}.Debug|Any CPU.ActiveCfg = Debug|Any CPU
		{31FDF664-B1D4-444A-87BC-2C39F7076187}.Debug|Any CPU.Build.0 = Debug|Any CPU
		{31FDF664-B1D4-444A-87BC-2C39F7076187}.Release|Any CPU.ActiveCfg = Release|Any CPU
		{31FDF664-B1D4-444A-87BC-2C39F7076187}.Release|Any CPU.Build.0 = Release|Any CPU
		{5A51BC4A-935E-4B8F-BC45-8D76C86266B8}.Debug|Any CPU.ActiveCfg = Debug|Any CPU
		{5A51BC4A-935E-4B8F-BC45-8D76C86266B8}.Debug|Any CPU.Build.0 = Debug|Any CPU
		{5A51BC4A-935E-4B8F-BC45-8D76C86266B8}.Release|Any CPU.ActiveCfg = Release|Any CPU
		{5A51BC4A-935E-4B8F-BC45-8D76C86266B8}.Release|Any CPU.Build.0 = Release|Any CPU
	EndGlobalSection
	GlobalSection(SolutionProperties) = preSolution
		HideSolutionNode = FALSE
	EndGlobalSection
	GlobalSection(ExtensibilityGlobals) = postSolution
		SolutionGuid = {ACEBDE50-C8DD-4580-9319-E9509A2FFCAF}
	EndGlobalSection
EndGlobal
