
Microsoft Visual Studio Solution File, Format Version 12.00
# Visual Studio Version 16
VisualStudioVersion = 16.0.29209.152
MinimumVisualStudioVersion = 15.0.26124.0
Project("{FAE04EC0-301F-11D3-BF4B-00C04F79EFBC}") = "HotReloadApp", "HotReloadApp\HotReloadApp.csproj", "{421F2562-390A-45C3-B028-32A0027AD8BD}"
EndProject
Project("{FAE04EC0-301F-11D3-BF4B-00C04F79EFBC}") = "TimestampedPlugin", "TimestampedPlugin\TimestampedPlugin.csproj", "{92DCE5FD-1A77-4A77-AE04-2820004A446B}"
EndProject
Global
	GlobalSection(SolutionConfigurationPlatforms) = preSolution
		Debug|Any CPU = Debug|Any CPU
		Debug|x64 = Debug|x64
		Debug|x86 = Debug|x86
		Release|Any CPU = Release|Any CPU
		Release|x64 = Release|x64
		Release|x86 = Release|x86
	EndGlobalSection
	GlobalSection(SolutionProperties) = preSolution
		HideSolutionNode = FALSE
	EndGlobalSection
	GlobalSection(ProjectConfigurationPlatforms) = postSolution
		{421F2562-390A-45C3-B028-32A0027AD8BD}.Debug|Any CPU.ActiveCfg = Debug|Any CPU
		{421F2562-390A-45C3-B028-32A0027AD8BD}.Debug|Any CPU.Build.0 = Debug|Any CPU
		{421F2562-390A-45C3-B028-32A0027AD8BD}.Debug|x64.ActiveCfg = Debug|Any CPU
		{421F2562-390A-45C3-B028-32A0027AD8BD}.Debug|x64.Build.0 = Debug|Any CPU
		{421F2562-390A-45C3-B028-32A0027AD8BD}.Debug|x86.ActiveCfg = Debug|Any CPU
		{421F2562-390A-45C3-B028-32A0027AD8BD}.Debug|x86.Build.0 = Debug|Any CPU
		{421F2562-390A-45C3-B028-32A0027AD8BD}.Release|Any CPU.ActiveCfg = Release|Any CPU
		{421F2562-390A-45C3-B028-32A0027AD8BD}.Release|Any CPU.Build.0 = Release|Any CPU
		{421F2562-390A-45C3-B028-32A0027AD8BD}.Release|x64.ActiveCfg = Release|Any CPU
		{421F2562-390A-45C3-B028-32A0027AD8BD}.Release|x64.Build.0 = Release|Any CPU
		{421F2562-390A-45C3-B028-32A0027AD8BD}.Release|x86.ActiveCfg = Release|Any CPU
		{421F2562-390A-45C3-B028-32A0027AD8BD}.Release|x86.Build.0 = Release|Any CPU
		{92DCE5FD-1A77-4A77-AE04-2820004A446B}.Debug|Any CPU.ActiveCfg = Debug|Any CPU
		{92DCE5FD-1A77-4A77-AE04-2820004A446B}.Debug|Any CPU.Build.0 = Debug|Any CPU
		{92DCE5FD-1A77-4A77-AE04-2820004A446B}.Debug|x64.ActiveCfg = Debug|Any CPU
		{92DCE5FD-1A77-4A77-AE04-2820004A446B}.Debug|x64.Build.0 = Debug|Any CPU
		{92DCE5FD-1A77-4A77-AE04-2820004A446B}.Debug|x86.ActiveCfg = Debug|Any CPU
		{92DCE5FD-1A77-4A77-AE04-2820004A446B}.Debug|x86.Build.0 = Debug|Any CPU
		{92DCE5FD-1A77-4A77-AE04-2820004A446B}.Release|Any CPU.ActiveCfg = Release|Any CPU
		{92DCE5FD-1A77-4A77-AE04-2820004A446B}.Release|Any CPU.Build.0 = Release|Any CPU
		{92DCE5FD-1A77-4A77-AE04-2820004A446B}.Release|x64.ActiveCfg = Release|Any CPU
		{92DCE5FD-1A77-4A77-AE04-2820004A446B}.Release|x64.Build.0 = Release|Any CPU
		{92DCE5FD-1A77-4A77-AE04-2820004A446B}.Release|x86.ActiveCfg = Release|Any CPU
		{92DCE5FD-1A77-4A77-AE04-2820004A446B}.Release|x86.Build.0 = Release|Any CPU
	EndGlobalSection
EndGlobal
