
Microsoft Visual Studio Solution File, Format Version 12.00
# Visual Studio 15
VisualStudioVersion = 15.0.26124.0
MinimumVisualStudioVersion = 15.0.26124.0
Project("{FAE04EC0-301F-11D3-BF4B-00C04F79EFBC}") = "MvcApp", "MvcApp\MvcApp.csproj", "{4F363469-7783-4A40-B1B5-455187AF1C76}"
EndProject
Project("{FAE04EC0-301F-11D3-BF4B-00C04F79EFBC}") = "MvcAppPlugin1", "MvcAppPlugin1\MvcAppPlugin1.csproj", "{B6316996-A470-470F-9CF1-475096A0510A}"
EndProject
Global
	GlobalSection(SolutionConfigurationPlatforms) = preSolution
		Debug|Any CPU = Debug|Any CPU
		Debug|x64 = Debug|x64
		Debug|x86 = Debug|x86
		Release|Any CPU = Release|Any CPU
		Release|x64 = Release|x64
		Release|x86 = Release|x86
	EndGlobalSection
	GlobalSection(SolutionProperties) = preSolution
		HideSolutionNode = FALSE
	EndGlobalSection
	GlobalSection(ProjectConfigurationPlatforms) = postSolution
		{4F363469-7783-4A40-B1B5-455187AF1C76}.Debug|Any CPU.ActiveCfg = Debug|Any CPU
		{4F363469-7783-4A40-B1B5-455187AF1C76}.Debug|Any CPU.Build.0 = Debug|Any CPU
		{4F363469-7783-4A40-B1B5-455187AF1C76}.Debug|x64.ActiveCfg = Debug|Any CPU
		{4F363469-7783-4A40-B1B5-455187AF1C76}.Debug|x64.Build.0 = Debug|Any CPU
		{4F363469-7783-4A40-B1B5-455187AF1C76}.Debug|x86.ActiveCfg = Debug|Any CPU
		{4F363469-7783-4A40-B1B5-455187AF1C76}.Debug|x86.Build.0 = Debug|Any CPU
		{4F363469-7783-4A40-B1B5-455187AF1C76}.Release|Any CPU.ActiveCfg = Release|Any CPU
		{4F363469-7783-4A40-B1B5-455187AF1C76}.Release|Any CPU.Build.0 = Release|Any CPU
		{4F363469-7783-4A40-B1B5-455187AF1C76}.Release|x64.ActiveCfg = Release|Any CPU
		{4F363469-7783-4A40-B1B5-455187AF1C76}.Release|x64.Build.0 = Release|Any CPU
		{4F363469-7783-4A40-B1B5-455187AF1C76}.Release|x86.ActiveCfg = Release|Any CPU
		{4F363469-7783-4A40-B1B5-455187AF1C76}.Release|x86.Build.0 = Release|Any CPU
		{B6316996-A470-470F-9CF1-475096A0510A}.Debug|Any CPU.ActiveCfg = Debug|Any CPU
		{B6316996-A470-470F-9CF1-475096A0510A}.Debug|Any CPU.Build.0 = Debug|Any CPU
		{B6316996-A470-470F-9CF1-475096A0510A}.Debug|x64.ActiveCfg = Debug|Any CPU
		{B6316996-A470-470F-9CF1-475096A0510A}.Debug|x64.Build.0 = Debug|Any CPU
		{B6316996-A470-470F-9CF1-475096A0510A}.Debug|x86.ActiveCfg = Debug|Any CPU
		{B6316996-A470-470F-9CF1-475096A0510A}.Debug|x86.Build.0 = Debug|Any CPU
		{B6316996-A470-470F-9CF1-475096A0510A}.Release|Any CPU.ActiveCfg = Release|Any CPU
		{B6316996-A470-470F-9CF1-475096A0510A}.Release|Any CPU.Build.0 = Release|Any CPU
		{B6316996-A470-470F-9CF1-475096A0510A}.Release|x64.ActiveCfg = Release|Any CPU
		{B6316996-A470-470F-9CF1-475096A0510A}.Release|x64.Build.0 = Release|Any CPU
		{B6316996-A470-470F-9CF1-475096A0510A}.Release|x86.ActiveCfg = Release|Any CPU
		{B6316996-A470-470F-9CF1-475096A0510A}.Release|x86.Build.0 = Release|Any CPU
	EndGlobalSection
EndGlobal
